// !$*UTF8*$!
{
	archiveVersion = 1;
	classes = {
	};
	objectVersion = 46;
	objects = {

/* Begin PBXBuildFile section */
		2E52744016542CBC00594691 /* API_Interface.m in Sources */ = {isa = PBXBuildFile; fileRef = 2E5273E116542CBB00594691 /* API_Interface.m */; };
		2E52744116542CBC00594691 /* Course.m in Sources */ = {isa = PBXBuildFile; fileRef = 2E5273E316542CBB00594691 /* Course.m */; };
		2E52744216542CBC00594691 /* defines.m in Sources */ = {isa = PBXBuildFile; fileRef = 2E5273E516542CBB00594691 /* defines.m */; };
		2E52744316542CBC00594691 /* Hole.m in Sources */ = {isa = PBXBuildFile; fileRef = 2E5273E716542CBB00594691 /* Hole.m */; };
		2E52744416542CBC00594691 /* NSData+Base64.m in Sources */ = {isa = PBXBuildFile; fileRef = 2E5273EB16542CBB00594691 /* NSData+Base64.m */; };
		2E52744516542CBC00594691 /* NSDictionary+QueryString.m in Sources */ = {isa = PBXBuildFile; fileRef = 2E5273ED16542CBB00594691 /* NSDictionary+QueryString.m */; };
		2E52744616542CBC00594691 /* NSObject+SynchronousProxy.m in Sources */ = {isa = PBXBuildFile; fileRef = 2E5273EF16542CBB00594691 /* NSObject+SynchronousProxy.m */; };
		2E52744716542CBC00594691 /* NSObject+Tap.m in Sources */ = {isa = PBXBuildFile; fileRef = 2E5273F116542CBB00594691 /* NSObject+Tap.m */; };
		2E52744816542CBC00594691 /* NSRunLoop+Additions.m in Sources */ = {isa = PBXBuildFile; fileRef = 2E5273F316542CBB00594691 /* NSRunLoop+Additions.m */; };
		2E52744916542CBC00594691 /* NSString+QueryString.m in Sources */ = {isa = PBXBuildFile; fileRef = 2E5273F516542CBB00594691 /* NSString+QueryString.m */; };
		2E52744A16542CBC00594691 /* NSURL+QueryInspector.m in Sources */ = {isa = PBXBuildFile; fileRef = 2E5273F716542CBB00594691 /* NSURL+QueryInspector.m */; };
		2E52744B16542CBC00594691 /* LRResty.m in Sources */ = {isa = PBXBuildFile; fileRef = 2E5273F916542CBB00594691 /* LRResty.m */; };
		2E52744C16542CBC00594691 /* LRRestyClient+DELETE.m in Sources */ = {isa = PBXBuildFile; fileRef = 2E5273FB16542CBB00594691 /* LRRestyClient+DELETE.m */; };
		2E52744D16542CBC00594691 /* LRRestyClient+GET.m in Sources */ = {isa = PBXBuildFile; fileRef = 2E5273FD16542CBB00594691 /* LRRestyClient+GET.m */; };
		2E52744E16542CBC00594691 /* LRRestyClient+POST.m in Sources */ = {isa = PBXBuildFile; fileRef = 2E5273FF16542CBB00594691 /* LRRestyClient+POST.m */; };
		2E52744F16542CBC00594691 /* LRRestyClient+PUT.m in Sources */ = {isa = PBXBuildFile; fileRef = 2E52740116542CBB00594691 /* LRRestyClient+PUT.m */; };
		2E52745016542CBC00594691 /* LRRestyClient.m in Sources */ = {isa = PBXBuildFile; fileRef = 2E52740316542CBB00594691 /* LRRestyClient.m */; };
		2E52745116542CBC00594691 /* LRRestyClientBlockDelegate.m in Sources */ = {isa = PBXBuildFile; fileRef = 2E52740516542CBB00594691 /* LRRestyClientBlockDelegate.m */; };
		2E52745216542CBC00594691 /* LRRestyClientProxyDelegate.m in Sources */ = {isa = PBXBuildFile; fileRef = 2E52740816542CBB00594691 /* LRRestyClientProxyDelegate.m */; };
		2E52745316542CBC00594691 /* LRRestyClientStreamingDelegate.m in Sources */ = {isa = PBXBuildFile; fileRef = 2E52740B16542CBB00594691 /* LRRestyClientStreamingDelegate.m */; };
		2E52745416542CBC00594691 /* LRRestyHTTPClient.m in Sources */ = {isa = PBXBuildFile; fileRef = 2E52740D16542CBB00594691 /* LRRestyHTTPClient.m */; };
		2E52745516542CBC00594691 /* LRRestyRequest.m in Sources */ = {isa = PBXBuildFile; fileRef = 2E52740F16542CBB00594691 /* LRRestyRequest.m */; };
		2E52745616542CBC00594691 /* LRRestyRequestPayload.m in Sources */ = {isa = PBXBuildFile; fileRef = 2E52741216542CBB00594691 /* LRRestyRequestPayload.m */; };
		2E52745716542CBC00594691 /* LRRestyResource.m in Sources */ = {isa = PBXBuildFile; fileRef = 2E52741416542CBB00594691 /* LRRestyResource.m */; };
		2E52745816542CBC00594691 /* LRRestyResponse.m in Sources */ = {isa = PBXBuildFile; fileRef = 2E52741816542CBB00594691 /* LRRestyResponse.m */; };
		2E52745916542CBC00594691 /* LRSynchronousProxy.m in Sources */ = {isa = PBXBuildFile; fileRef = 2E52741B16542CBB00594691 /* LRSynchronousProxy.m */; };
		2E52745A16542CBC00594691 /* LRURLRequestOperation.m in Sources */ = {isa = PBXBuildFile; fileRef = 2E52741D16542CBB00594691 /* LRURLRequestOperation.m */; };
		2E52745B16542CBC00594691 /* Request.m in Sources */ = {isa = PBXBuildFile; fileRef = 2E52741F16542CBB00594691 /* Request.m */; };
		2E52745C16542CBC00594691 /* Round.m in Sources */ = {isa = PBXBuildFile; fileRef = 2E52742116542CBB00594691 /* Round.m */; };
		2E52745D16542CBC00594691 /* NSObject+SBJson.m in Sources */ = {isa = PBXBuildFile; fileRef = 2E52742416542CBC00594691 /* NSObject+SBJson.m */; };
		2E52745E16542CBC00594691 /* SBJsonParser.m in Sources */ = {isa = PBXBuildFile; fileRef = 2E52742716542CBC00594691 /* SBJsonParser.m */; };
		2E52745F16542CBC00594691 /* SBJsonStreamParser.m in Sources */ = {isa = PBXBuildFile; fileRef = 2E52742916542CBC00594691 /* SBJsonStreamParser.m */; };
		2E52746016542CBC00594691 /* SBJsonStreamParserAccumulator.m in Sources */ = {isa = PBXBuildFile; fileRef = 2E52742B16542CBC00594691 /* SBJsonStreamParserAccumulator.m */; };
		2E52746116542CBC00594691 /* SBJsonStreamParserAdapter.m in Sources */ = {isa = PBXBuildFile; fileRef = 2E52742D16542CBC00594691 /* SBJsonStreamParserAdapter.m */; };
		2E52746216542CBC00594691 /* SBJsonStreamParserState.m in Sources */ = {isa = PBXBuildFile; fileRef = 2E52742F16542CBC00594691 /* SBJsonStreamParserState.m */; };
		2E52746316542CBC00594691 /* SBJsonStreamWriter.m in Sources */ = {isa = PBXBuildFile; fileRef = 2E52743116542CBC00594691 /* SBJsonStreamWriter.m */; };
		2E52746416542CBC00594691 /* SBJsonStreamWriterAccumulator.m in Sources */ = {isa = PBXBuildFile; fileRef = 2E52743316542CBC00594691 /* SBJsonStreamWriterAccumulator.m */; };
		2E52746516542CBC00594691 /* SBJsonStreamWriterState.m in Sources */ = {isa = PBXBuildFile; fileRef = 2E52743516542CBC00594691 /* SBJsonStreamWriterState.m */; };
		2E52746616542CBC00594691 /* SBJsonTokeniser.m in Sources */ = {isa = PBXBuildFile; fileRef = 2E52743716542CBC00594691 /* SBJsonTokeniser.m */; };
		2E52746716542CBC00594691 /* SBJsonUTF8Stream.m in Sources */ = {isa = PBXBuildFile; fileRef = 2E52743916542CBC00594691 /* SBJsonUTF8Stream.m */; };
		2E52746816542CBC00594691 /* SBJsonWriter.m in Sources */ = {isa = PBXBuildFile; fileRef = 2E52743B16542CBC00594691 /* SBJsonWriter.m */; };
		2E52746916542CBC00594691 /* Shot.m in Sources */ = {isa = PBXBuildFile; fileRef = 2E52743D16542CBC00594691 /* Shot.m */; };
		2E52746A16542CBC00594691 /* User.m in Sources */ = {isa = PBXBuildFile; fileRef = 2E52743F16542CBC00594691 /* User.m */; };
		B607B99616504E8100025E10 /* Hole.m in Sources */ = {isa = PBXBuildFile; fileRef = B607B99516504E8100025E10 /* Hole.m */; };
		B607B99F16504EF400025E10 /* Shot.m in Sources */ = {isa = PBXBuildFile; fileRef = B607B99E16504EF400025E10 /* Shot.m */; };
		B607B9A216507E8500025E10 /* OptionsVC.m in Sources */ = {isa = PBXBuildFile; fileRef = B607B9A116507E8500025E10 /* OptionsVC.m */; };
		B607B9B91651986B00025E10 /* hole1.PNG in Resources */ = {isa = PBXBuildFile; fileRef = B607B9A71651986B00025E10 /* hole1.PNG */; };
		B607B9BA1651986B00025E10 /* hole2.PNG in Resources */ = {isa = PBXBuildFile; fileRef = B607B9A81651986B00025E10 /* hole2.PNG */; };
		B607B9BB1651986B00025E10 /* hole3.PNG in Resources */ = {isa = PBXBuildFile; fileRef = B607B9A91651986B00025E10 /* hole3.PNG */; };
		B607B9BC1651986B00025E10 /* hole4.PNG in Resources */ = {isa = PBXBuildFile; fileRef = B607B9AA1651986B00025E10 /* hole4.PNG */; };
		B607B9BD1651986B00025E10 /* hole5.PNG in Resources */ = {isa = PBXBuildFile; fileRef = B607B9AB1651986B00025E10 /* hole5.PNG */; };
		B607B9BE1651986B00025E10 /* hole6.PNG in Resources */ = {isa = PBXBuildFile; fileRef = B607B9AC1651986B00025E10 /* hole6.PNG */; };
		B607B9BF1651986B00025E10 /* hole7.PNG in Resources */ = {isa = PBXBuildFile; fileRef = B607B9AD1651986B00025E10 /* hole7.PNG */; };
		B607B9C01651986B00025E10 /* hole8.PNG in Resources */ = {isa = PBXBuildFile; fileRef = B607B9AE1651986B00025E10 /* hole8.PNG */; };
		B607B9C11651986B00025E10 /* hole9.PNG in Resources */ = {isa = PBXBuildFile; fileRef = B607B9AF1651986B00025E10 /* hole9.PNG */; };
		B607B9C21651986B00025E10 /* hole10.png in Resources */ = {isa = PBXBuildFile; fileRef = B607B9B01651986B00025E10 /* hole10.png */; };
		B607B9C31651986B00025E10 /* hole11.PNG in Resources */ = {isa = PBXBuildFile; fileRef = B607B9B11651986B00025E10 /* hole11.PNG */; };
		B607B9C41651986B00025E10 /* hole12.PNG in Resources */ = {isa = PBXBuildFile; fileRef = B607B9B21651986B00025E10 /* hole12.PNG */; };
		B607B9C51651986B00025E10 /* hole13.PNG in Resources */ = {isa = PBXBuildFile; fileRef = B607B9B31651986B00025E10 /* hole13.PNG */; };
		B607B9C61651986B00025E10 /* hole14.PNG in Resources */ = {isa = PBXBuildFile; fileRef = B607B9B41651986B00025E10 /* hole14.PNG */; };
		B607B9C71651986B00025E10 /* hole15.PNG in Resources */ = {isa = PBXBuildFile; fileRef = B607B9B51651986B00025E10 /* hole15.PNG */; };
		B607B9C81651986B00025E10 /* hole16.PNG in Resources */ = {isa = PBXBuildFile; fileRef = B607B9B61651986B00025E10 /* hole16.PNG */; };
		B607B9C91651986B00025E10 /* hole17.PNG in Resources */ = {isa = PBXBuildFile; fileRef = B607B9B71651986B00025E10 /* hole17.PNG */; };
		B607B9CA1651986B00025E10 /* hole18.png in Resources */ = {isa = PBXBuildFile; fileRef = B607B9B81651986B00025E10 /* hole18.png */; };
		B63DA9861623E0F0000A968A /* OptionsAllVC.m in Sources */ = {isa = PBXBuildFile; fileRef = B63DA9851623E0F0000A968A /* OptionsAllVC.m */; };
		B63EC84316499A320075467E /* CoreLocation.framework in Frameworks */ = {isa = PBXBuildFile; fileRef = B63EC84216499A320075467E /* CoreLocation.framework */; };
		B63EC8B51649C09D0075467E /* libsqlite3.dylib in Frameworks */ = {isa = PBXBuildFile; fileRef = B63EC8B41649C09D0075467E /* libsqlite3.dylib */; };
		B665966D163D2BC100FB19A9 /* ShotOptionVC.m in Sources */ = {isa = PBXBuildFile; fileRef = B665966C163D2BC100FB19A9 /* ShotOptionVC.m */; };
		B6659676163D3A9200FB19A9 /* clubs.jpg in Resources */ = {isa = PBXBuildFile; fileRef = B6659672163D3A9200FB19A9 /* clubs.jpg */; };
		B6659677163D3A9200FB19A9 /* compass.png in Resources */ = {isa = PBXBuildFile; fileRef = B6659673163D3A9200FB19A9 /* compass.png */; };
		B6659678163D3A9200FB19A9 /* checkbox.png in Resources */ = {isa = PBXBuildFile; fileRef = B6659674163D3A9200FB19A9 /* checkbox.png */; };
		B6659679163D3A9200FB19A9 /* ballontee.jpg in Resources */ = {isa = PBXBuildFile; fileRef = B6659675163D3A9200FB19A9 /* ballontee.jpg */; };
		B665967C163D3D2D00FB19A9 /* lake.png in Resources */ = {isa = PBXBuildFile; fileRef = B665967B163D3D2D00FB19A9 /* lake.png */; };
		B665967F163D3EAE00FB19A9 /* clubs5.png in Resources */ = {isa = PBXBuildFile; fileRef = B665967D163D3EAE00FB19A9 /* clubs5.png */; };
		B6659680163D3EAE00FB19A9 /* hit.jpg in Resources */ = {isa = PBXBuildFile; fileRef = B665967E163D3EAE00FB19A9 /* hit.jpg */; };
		B6659682163D41F000FB19A9 /* golfswing.jpg in Resources */ = {isa = PBXBuildFile; fileRef = B6659681163D41F000FB19A9 /* golfswing.jpg */; };
		B6659684163D458F00FB19A9 /* map.png in Resources */ = {isa = PBXBuildFile; fileRef = B6659683163D458F00FB19A9 /* map.png */; };
		B6659686163D45E100FB19A9 /* golfswing.png in Resources */ = {isa = PBXBuildFile; fileRef = B6659685163D45E100FB19A9 /* golfswing.png */; };
		B6659688163D465600FB19A9 /* bagofclubs.jpg in Resources */ = {isa = PBXBuildFile; fileRef = B6659687163D465600FB19A9 /* bagofclubs.jpg */; };
		B665968B163D46C100FB19A9 /* clubsongreen.png in Resources */ = {isa = PBXBuildFile; fileRef = B6659689163D46C100FB19A9 /* clubsongreen.png */; };
		B665968C163D46C100FB19A9 /* onparlogo.png in Resources */ = {isa = PBXBuildFile; fileRef = B665968A163D46C100FB19A9 /* onparlogo.png */; };
		B665968F163D496700FB19A9 /* PenaltyVC.m in Sources */ = {isa = PBXBuildFile; fileRef = B665968E163D496700FB19A9 /* PenaltyVC.m */; };
		B6659695163DD58D00FB19A9 /* settings.png in Resources */ = {isa = PBXBuildFile; fileRef = B6659694163DD58D00FB19A9 /* settings.png */; };
		B6659699163DD6E500FB19A9 /* CourseSelectionVC.m in Sources */ = {isa = PBXBuildFile; fileRef = B6659698163DD6E500FB19A9 /* CourseSelectionVC.m */; };
		B665969B163DEBC800FB19A9 /* scorecard.jpg in Resources */ = {isa = PBXBuildFile; fileRef = B665969A163DEBC800FB19A9 /* scorecard.jpg */; };
		B665969D163DEC9200FB19A9 /* To The Green.png in Resources */ = {isa = PBXBuildFile; fileRef = B665969C163DEC9200FB19A9 /* To The Green.png */; };
		B665969F163DF52600FB19A9 /* course selection.png in Resources */ = {isa = PBXBuildFile; fileRef = B665969E163DF52600FB19A9 /* course selection.png */; };
		B679D6C51623C44200E19F98 /* UIKit.framework in Frameworks */ = {isa = PBXBuildFile; fileRef = B679D6C41623C44200E19F98 /* UIKit.framework */; };
		B679D6C71623C44200E19F98 /* Foundation.framework in Frameworks */ = {isa = PBXBuildFile; fileRef = B679D6C61623C44200E19F98 /* Foundation.framework */; };
		B679D6C91623C44200E19F98 /* CoreGraphics.framework in Frameworks */ = {isa = PBXBuildFile; fileRef = B679D6C81623C44200E19F98 /* CoreGraphics.framework */; };
		B679D6CF1623C44200E19F98 /* InfoPlist.strings in Resources */ = {isa = PBXBuildFile; fileRef = B679D6CD1623C44200E19F98 /* InfoPlist.strings */; };
		B679D6D11623C44200E19F98 /* main.m in Sources */ = {isa = PBXBuildFile; fileRef = B679D6D01623C44200E19F98 /* main.m */; };
		B679D6D51623C44200E19F98 /* AppDelegate.m in Sources */ = {isa = PBXBuildFile; fileRef = B679D6D41623C44200E19F98 /* AppDelegate.m */; };
		B679D6D71623C44200E19F98 /* Default.png in Resources */ = {isa = PBXBuildFile; fileRef = B679D6D61623C44200E19F98 /* Default.png */; };
		B679D6D91623C44200E19F98 /* Default@2x.png in Resources */ = {isa = PBXBuildFile; fileRef = B679D6D81623C44200E19F98 /* Default@2x.png */; };
		B679D6DE1623C44200E19F98 /* MainStoryboard.storyboard in Resources */ = {isa = PBXBuildFile; fileRef = B679D6DC1623C44200E19F98 /* MainStoryboard.storyboard */; };
		B679D6E11623C44200E19F98 /* ViewController.m in Sources */ = {isa = PBXBuildFile; fileRef = B679D6E01623C44200E19F98 /* ViewController.m */; };
		B679D6EB1623C4C100E19F98 /* GolfersVC.m in Sources */ = {isa = PBXBuildFile; fileRef = B679D6EA1623C4C100E19F98 /* GolfersVC.m */; };
		B679D6EE1623C4D600E19F98 /* GolferAddVC.m in Sources */ = {isa = PBXBuildFile; fileRef = B679D6ED1623C4D600E19F98 /* GolferAddVC.m */; };
		B679D6F11623C4EE00E19F98 /* GolferChangeVC.m in Sources */ = {isa = PBXBuildFile; fileRef = B679D6F01623C4EE00E19F98 /* GolferChangeVC.m */; };
		B679D6F71623C54C00E19F98 /* ClubSelectionVC.m in Sources */ = {isa = PBXBuildFile; fileRef = B679D6F61623C54C00E19F98 /* ClubSelectionVC.m */; };
		B679D6FF1623C5AB00E19F98 /* GolfCourse.png in Resources */ = {isa = PBXBuildFile; fileRef = B679D6FD1623C5AB00E19F98 /* GolfCourse.png */; };
		B679D7001623C5AB00E19F98 /* MSState.png in Resources */ = {isa = PBXBuildFile; fileRef = B679D6FE1623C5AB00E19F98 /* MSState.png */; };
		B679D7041623C5C600E19F98 /* plus.png in Resources */ = {isa = PBXBuildFile; fileRef = B679D7021623C5C600E19F98 /* plus.png */; };
		B679D7051623C5C600E19F98 /* plus@2x.png in Resources */ = {isa = PBXBuildFile; fileRef = B679D7031623C5C600E19F98 /* plus@2x.png */; };
		B67AF7671635B74F008A9E9F /* GolfClub-GTASA-icon.png in Resources */ = {isa = PBXBuildFile; fileRef = B67AF7661635B74F008A9E9F /* GolfClub-GTASA-icon.png */; };
		B67AF76A1635BA00008A9E9F /* Golf_Club_Sports2010.png in Resources */ = {isa = PBXBuildFile; fileRef = B67AF7691635BA00008A9E9F /* Golf_Club_Sports2010.png */; };
		B67AF76D1635BA40008A9E9F /* icon-done.png in Resources */ = {isa = PBXBuildFile; fileRef = B67AF76B1635BA40008A9E9F /* icon-done.png */; };
		B67AF76E1635BA40008A9E9F /* icon-m-toolbar-done-dimmed.png in Resources */ = {isa = PBXBuildFile; fileRef = B67AF76C1635BA40008A9E9F /* icon-m-toolbar-done-dimmed.png */; };
		B699756B164DEB5E00FD14E9 /* dataManager.m in Sources */ = {isa = PBXBuildFile; fileRef = B699756A164DEB5E00FD14E9 /* dataManager.m */; };
		B6A3CAFE163CF5CB008705DC /* GolferSelectVC.m in Sources */ = {isa = PBXBuildFile; fileRef = B6A3CAFD163CF5CB008705DC /* GolferSelectVC.m */; };
		B6A3CB01163CF694008705DC /* QuartzCore.framework in Frameworks */ = {isa = PBXBuildFile; fileRef = B6A3CB00163CF694008705DC /* QuartzCore.framework */; };
		B6A3CB03163D040E008705DC /* Golf-Green-Icon.png in Resources */ = {isa = PBXBuildFile; fileRef = B6A3CB02163D040E008705DC /* Golf-Green-Icon.png */; };
		B6A3CB05163D04E1008705DC /* ScoreCardIcon.gif in Resources */ = {isa = PBXBuildFile; fileRef = B6A3CB04163D04E1008705DC /* ScoreCardIcon.gif */; };
		B6A3CB08163D06AD008705DC /* ShotVC.m in Sources */ = {isa = PBXBuildFile; fileRef = B6A3CB07163D06AD008705DC /* ShotVC.m */; };
		B6A49EBD163D177C00B28ECA /* resume.png in Resources */ = {isa = PBXBuildFile; fileRef = B6A49EBA163D177C00B28ECA /* resume.png */; };
		B6A49EBE163D177C00B28ECA /* cancel.png in Resources */ = {isa = PBXBuildFile; fileRef = B6A49EBB163D177C00B28ECA /* cancel.png */; };
		B6A49EBF163D177C00B28ECA /* add.png in Resources */ = {isa = PBXBuildFile; fileRef = B6A49EBC163D177C00B28ECA /* add.png */; };
		B6A49EC6163D18A700B28ECA /* ShotSequenceVC.m in Sources */ = {isa = PBXBuildFile; fileRef = B6A49EC5163D18A700B28ECA /* ShotSequenceVC.m */; };
		B6AD37DA163FA72A003EF162 /* man@2x.png in Resources */ = {isa = PBXBuildFile; fileRef = B6AD37D8163FA72A003EF162 /* man@2x.png */; };
		B6AD37DD163FA74D003EF162 /* man.png in Resources */ = {isa = PBXBuildFile; fileRef = B6AD37DC163FA74D003EF162 /* man.png */; };
		B6AD37E4163FB34E003EF162 /* PuttingVC.m in Sources */ = {isa = PBXBuildFile; fileRef = B6AD37E3163FB34E003EF162 /* PuttingVC.m */; };
		B6AD382F164073A4003EF162 /* CoreData.framework in Frameworks */ = {isa = PBXBuildFile; fileRef = B6AD382E164073A4003EF162 /* CoreData.framework */; };
		B6AE43CE162D9F420070136C /* icon.png in Resources */ = {isa = PBXBuildFile; fileRef = B6AE43CD162D9F420070136C /* icon.png */; };
		B6AE43D0162D9F490070136C /* icon@2x.png in Resources */ = {isa = PBXBuildFile; fileRef = B6AE43CF162D9F490070136C /* icon@2x.png */; };
		B6C092781635B5C000AE2C8B /* plus_48.png in Resources */ = {isa = PBXBuildFile; fileRef = B6C092771635B5C000AE2C8B /* plus_48.png */; };
		B6C5BEF41635BAAD00D7D732 /* golfball1.png in Resources */ = {isa = PBXBuildFile; fileRef = B6C5BEF11635BAAD00D7D732 /* golfball1.png */; };
		B6C5BEF91635BCB200D7D732 /* icon-checkmark.png in Resources */ = {isa = PBXBuildFile; fileRef = B6C5BEF81635BCB200D7D732 /* icon-checkmark.png */; };
		B6C5BEFB1635BD6700D7D732 /* pictograms-nps-golfing.png in Resources */ = {isa = PBXBuildFile; fileRef = B6C5BEFA1635BD6700D7D732 /* pictograms-nps-golfing.png */; };
		B6C5BF0716372B1300D7D732 /* Default-568h@2x.png in Resources */ = {isa = PBXBuildFile; fileRef = B6C5BF0616372B1300D7D732 /* Default-568h@2x.png */; };
		B6C5BF49163B812B00D7D732 /* MainMenuVC.m in Sources */ = {isa = PBXBuildFile; fileRef = B6C5BF48163B812B00D7D732 /* MainMenuVC.m */; };
		B6C5BF4D163B903900D7D732 /* SettingsVC.m in Sources */ = {isa = PBXBuildFile; fileRef = B6C5BF4C163B903900D7D732 /* SettingsVC.m */; };
/* End PBXBuildFile section */

/* Begin PBXFileReference section */
		2E5273E016542CBB00594691 /* API_Interface.h */ = {isa = PBXFileReference; fileEncoding = 4; lastKnownFileType = sourcecode.c.h; path = API_Interface.h; sourceTree = "<group>"; };
		2E5273E116542CBB00594691 /* API_Interface.m */ = {isa = PBXFileReference; fileEncoding = 4; lastKnownFileType = sourcecode.c.objc; path = API_Interface.m; sourceTree = "<group>"; };
		2E5273E216542CBB00594691 /* Course.h */ = {isa = PBXFileReference; fileEncoding = 4; lastKnownFileType = sourcecode.c.h; path = Course.h; sourceTree = "<group>"; };
		2E5273E316542CBB00594691 /* Course.m */ = {isa = PBXFileReference; fileEncoding = 4; lastKnownFileType = sourcecode.c.objc; path = Course.m; sourceTree = "<group>"; };
		2E5273E416542CBB00594691 /* defines.h */ = {isa = PBXFileReference; fileEncoding = 4; lastKnownFileType = sourcecode.c.h; path = defines.h; sourceTree = "<group>"; };
		2E5273E516542CBB00594691 /* defines.m */ = {isa = PBXFileReference; fileEncoding = 4; lastKnownFileType = sourcecode.c.objc; path = defines.m; sourceTree = "<group>"; };
		2E5273E616542CBB00594691 /* Hole.h */ = {isa = PBXFileReference; fileEncoding = 4; lastKnownFileType = sourcecode.c.h; path = Hole.h; sourceTree = "<group>"; };
		2E5273E716542CBB00594691 /* Hole.m */ = {isa = PBXFileReference; fileEncoding = 4; lastKnownFileType = sourcecode.c.objc; path = Hole.m; sourceTree = "<group>"; };
		2E5273EA16542CBB00594691 /* NSData+Base64.h */ = {isa = PBXFileReference; fileEncoding = 4; lastKnownFileType = sourcecode.c.h; path = "NSData+Base64.h"; sourceTree = "<group>"; };
		2E5273EB16542CBB00594691 /* NSData+Base64.m */ = {isa = PBXFileReference; fileEncoding = 4; lastKnownFileType = sourcecode.c.objc; path = "NSData+Base64.m"; sourceTree = "<group>"; };
		2E5273EC16542CBB00594691 /* NSDictionary+QueryString.h */ = {isa = PBXFileReference; fileEncoding = 4; lastKnownFileType = sourcecode.c.h; path = "NSDictionary+QueryString.h"; sourceTree = "<group>"; };
		2E5273ED16542CBB00594691 /* NSDictionary+QueryString.m */ = {isa = PBXFileReference; fileEncoding = 4; lastKnownFileType = sourcecode.c.objc; path = "NSDictionary+QueryString.m"; sourceTree = "<group>"; };
		2E5273EE16542CBB00594691 /* NSObject+SynchronousProxy.h */ = {isa = PBXFileReference; fileEncoding = 4; lastKnownFileType = sourcecode.c.h; path = "NSObject+SynchronousProxy.h"; sourceTree = "<group>"; };
		2E5273EF16542CBB00594691 /* NSObject+SynchronousProxy.m */ = {isa = PBXFileReference; fileEncoding = 4; lastKnownFileType = sourcecode.c.objc; path = "NSObject+SynchronousProxy.m"; sourceTree = "<group>"; };
		2E5273F016542CBB00594691 /* NSObject+Tap.h */ = {isa = PBXFileReference; fileEncoding = 4; lastKnownFileType = sourcecode.c.h; path = "NSObject+Tap.h"; sourceTree = "<group>"; };
		2E5273F116542CBB00594691 /* NSObject+Tap.m */ = {isa = PBXFileReference; fileEncoding = 4; lastKnownFileType = sourcecode.c.objc; path = "NSObject+Tap.m"; sourceTree = "<group>"; };
		2E5273F216542CBB00594691 /* NSRunLoop+Additions.h */ = {isa = PBXFileReference; fileEncoding = 4; lastKnownFileType = sourcecode.c.h; path = "NSRunLoop+Additions.h"; sourceTree = "<group>"; };
		2E5273F316542CBB00594691 /* NSRunLoop+Additions.m */ = {isa = PBXFileReference; fileEncoding = 4; lastKnownFileType = sourcecode.c.objc; path = "NSRunLoop+Additions.m"; sourceTree = "<group>"; };
		2E5273F416542CBB00594691 /* NSString+QueryString.h */ = {isa = PBXFileReference; fileEncoding = 4; lastKnownFileType = sourcecode.c.h; path = "NSString+QueryString.h"; sourceTree = "<group>"; };
		2E5273F516542CBB00594691 /* NSString+QueryString.m */ = {isa = PBXFileReference; fileEncoding = 4; lastKnownFileType = sourcecode.c.objc; path = "NSString+QueryString.m"; sourceTree = "<group>"; };
		2E5273F616542CBB00594691 /* NSURL+QueryInspector.h */ = {isa = PBXFileReference; fileEncoding = 4; lastKnownFileType = sourcecode.c.h; path = "NSURL+QueryInspector.h"; sourceTree = "<group>"; };
		2E5273F716542CBB00594691 /* NSURL+QueryInspector.m */ = {isa = PBXFileReference; fileEncoding = 4; lastKnownFileType = sourcecode.c.objc; path = "NSURL+QueryInspector.m"; sourceTree = "<group>"; };
		2E5273F816542CBB00594691 /* LRResty.h */ = {isa = PBXFileReference; fileEncoding = 4; lastKnownFileType = sourcecode.c.h; path = LRResty.h; sourceTree = "<group>"; };
		2E5273F916542CBB00594691 /* LRResty.m */ = {isa = PBXFileReference; fileEncoding = 4; lastKnownFileType = sourcecode.c.objc; path = LRResty.m; sourceTree = "<group>"; };
		2E5273FA16542CBB00594691 /* LRRestyClient+DELETE.h */ = {isa = PBXFileReference; fileEncoding = 4; lastKnownFileType = sourcecode.c.h; path = "LRRestyClient+DELETE.h"; sourceTree = "<group>"; };
		2E5273FB16542CBB00594691 /* LRRestyClient+DELETE.m */ = {isa = PBXFileReference; fileEncoding = 4; lastKnownFileType = sourcecode.c.objc; path = "LRRestyClient+DELETE.m"; sourceTree = "<group>"; };
		2E5273FC16542CBB00594691 /* LRRestyClient+GET.h */ = {isa = PBXFileReference; fileEncoding = 4; lastKnownFileType = sourcecode.c.h; path = "LRRestyClient+GET.h"; sourceTree = "<group>"; };
		2E5273FD16542CBB00594691 /* LRRestyClient+GET.m */ = {isa = PBXFileReference; fileEncoding = 4; lastKnownFileType = sourcecode.c.objc; path = "LRRestyClient+GET.m"; sourceTree = "<group>"; };
		2E5273FE16542CBB00594691 /* LRRestyClient+POST.h */ = {isa = PBXFileReference; fileEncoding = 4; lastKnownFileType = sourcecode.c.h; path = "LRRestyClient+POST.h"; sourceTree = "<group>"; };
		2E5273FF16542CBB00594691 /* LRRestyClient+POST.m */ = {isa = PBXFileReference; fileEncoding = 4; lastKnownFileType = sourcecode.c.objc; path = "LRRestyClient+POST.m"; sourceTree = "<group>"; };
		2E52740016542CBB00594691 /* LRRestyClient+PUT.h */ = {isa = PBXFileReference; fileEncoding = 4; lastKnownFileType = sourcecode.c.h; path = "LRRestyClient+PUT.h"; sourceTree = "<group>"; };
		2E52740116542CBB00594691 /* LRRestyClient+PUT.m */ = {isa = PBXFileReference; fileEncoding = 4; lastKnownFileType = sourcecode.c.objc; path = "LRRestyClient+PUT.m"; sourceTree = "<group>"; };
		2E52740216542CBB00594691 /* LRRestyClient.h */ = {isa = PBXFileReference; fileEncoding = 4; lastKnownFileType = sourcecode.c.h; path = LRRestyClient.h; sourceTree = "<group>"; };
		2E52740316542CBB00594691 /* LRRestyClient.m */ = {isa = PBXFileReference; fileEncoding = 4; lastKnownFileType = sourcecode.c.objc; path = LRRestyClient.m; sourceTree = "<group>"; };
		2E52740416542CBB00594691 /* LRRestyClientBlockDelegate.h */ = {isa = PBXFileReference; fileEncoding = 4; lastKnownFileType = sourcecode.c.h; path = LRRestyClientBlockDelegate.h; sourceTree = "<group>"; };
		2E52740516542CBB00594691 /* LRRestyClientBlockDelegate.m */ = {isa = PBXFileReference; fileEncoding = 4; lastKnownFileType = sourcecode.c.objc; path = LRRestyClientBlockDelegate.m; sourceTree = "<group>"; };
		2E52740616542CBB00594691 /* LRRestyClientDelegate.h */ = {isa = PBXFileReference; fileEncoding = 4; lastKnownFileType = sourcecode.c.h; path = LRRestyClientDelegate.h; sourceTree = "<group>"; };
		2E52740716542CBB00594691 /* LRRestyClientProxyDelegate.h */ = {isa = PBXFileReference; fileEncoding = 4; lastKnownFileType = sourcecode.c.h; path = LRRestyClientProxyDelegate.h; sourceTree = "<group>"; };
		2E52740816542CBB00594691 /* LRRestyClientProxyDelegate.m */ = {isa = PBXFileReference; fileEncoding = 4; lastKnownFileType = sourcecode.c.objc; path = LRRestyClientProxyDelegate.m; sourceTree = "<group>"; };
		2E52740916542CBB00594691 /* LRRestyClientResponseDelegate.h */ = {isa = PBXFileReference; fileEncoding = 4; lastKnownFileType = sourcecode.c.h; path = LRRestyClientResponseDelegate.h; sourceTree = "<group>"; };
		2E52740A16542CBB00594691 /* LRRestyClientStreamingDelegate.h */ = {isa = PBXFileReference; fileEncoding = 4; lastKnownFileType = sourcecode.c.h; path = LRRestyClientStreamingDelegate.h; sourceTree = "<group>"; };
		2E52740B16542CBB00594691 /* LRRestyClientStreamingDelegate.m */ = {isa = PBXFileReference; fileEncoding = 4; lastKnownFileType = sourcecode.c.objc; path = LRRestyClientStreamingDelegate.m; sourceTree = "<group>"; };
		2E52740C16542CBB00594691 /* LRRestyHTTPClient.h */ = {isa = PBXFileReference; fileEncoding = 4; lastKnownFileType = sourcecode.c.h; path = LRRestyHTTPClient.h; sourceTree = "<group>"; };
		2E52740D16542CBB00594691 /* LRRestyHTTPClient.m */ = {isa = PBXFileReference; fileEncoding = 4; lastKnownFileType = sourcecode.c.objc; path = LRRestyHTTPClient.m; sourceTree = "<group>"; };
		2E52740E16542CBB00594691 /* LRRestyRequest.h */ = {isa = PBXFileReference; fileEncoding = 4; lastKnownFileType = sourcecode.c.h; path = LRRestyRequest.h; sourceTree = "<group>"; };
		2E52740F16542CBB00594691 /* LRRestyRequest.m */ = {isa = PBXFileReference; fileEncoding = 4; lastKnownFileType = sourcecode.c.objc; path = LRRestyRequest.m; sourceTree = "<group>"; };
		2E52741016542CBB00594691 /* LRRestyRequestDelegate.h */ = {isa = PBXFileReference; fileEncoding = 4; lastKnownFileType = sourcecode.c.h; path = LRRestyRequestDelegate.h; sourceTree = "<group>"; };
		2E52741116542CBB00594691 /* LRRestyRequestPayload.h */ = {isa = PBXFileReference; fileEncoding = 4; lastKnownFileType = sourcecode.c.h; path = LRRestyRequestPayload.h; sourceTree = "<group>"; };
		2E52741216542CBB00594691 /* LRRestyRequestPayload.m */ = {isa = PBXFileReference; fileEncoding = 4; lastKnownFileType = sourcecode.c.objc; path = LRRestyRequestPayload.m; sourceTree = "<group>"; };
		2E52741316542CBB00594691 /* LRRestyResource.h */ = {isa = PBXFileReference; fileEncoding = 4; lastKnownFileType = sourcecode.c.h; path = LRRestyResource.h; sourceTree = "<group>"; };
		2E52741416542CBB00594691 /* LRRestyResource.m */ = {isa = PBXFileReference; fileEncoding = 4; lastKnownFileType = sourcecode.c.objc; path = LRRestyResource.m; sourceTree = "<group>"; };
		2E52741516542CBB00594691 /* LRRestyResourceDelegate.h */ = {isa = PBXFileReference; fileEncoding = 4; lastKnownFileType = sourcecode.c.h; path = LRRestyResourceDelegate.h; sourceTree = "<group>"; };
		2E52741616542CBB00594691 /* LRRestyResponse+Internal.h */ = {isa = PBXFileReference; fileEncoding = 4; lastKnownFileType = sourcecode.c.h; path = "LRRestyResponse+Internal.h"; sourceTree = "<group>"; };
		2E52741716542CBB00594691 /* LRRestyResponse.h */ = {isa = PBXFileReference; fileEncoding = 4; lastKnownFileType = sourcecode.c.h; path = LRRestyResponse.h; sourceTree = "<group>"; };
		2E52741816542CBB00594691 /* LRRestyResponse.m */ = {isa = PBXFileReference; fileEncoding = 4; lastKnownFileType = sourcecode.c.objc; path = LRRestyResponse.m; sourceTree = "<group>"; };
		2E52741916542CBB00594691 /* LRRestyTypes.h */ = {isa = PBXFileReference; fileEncoding = 4; lastKnownFileType = sourcecode.c.h; path = LRRestyTypes.h; sourceTree = "<group>"; };
		2E52741A16542CBB00594691 /* LRSynchronousProxy.h */ = {isa = PBXFileReference; fileEncoding = 4; lastKnownFileType = sourcecode.c.h; path = LRSynchronousProxy.h; sourceTree = "<group>"; };
		2E52741B16542CBB00594691 /* LRSynchronousProxy.m */ = {isa = PBXFileReference; fileEncoding = 4; lastKnownFileType = sourcecode.c.objc; path = LRSynchronousProxy.m; sourceTree = "<group>"; };
		2E52741C16542CBB00594691 /* LRURLRequestOperation.h */ = {isa = PBXFileReference; fileEncoding = 4; lastKnownFileType = sourcecode.c.h; path = LRURLRequestOperation.h; sourceTree = "<group>"; };
		2E52741D16542CBB00594691 /* LRURLRequestOperation.m */ = {isa = PBXFileReference; fileEncoding = 4; lastKnownFileType = sourcecode.c.objc; path = LRURLRequestOperation.m; sourceTree = "<group>"; };
		2E52741E16542CBB00594691 /* Request.h */ = {isa = PBXFileReference; fileEncoding = 4; lastKnownFileType = sourcecode.c.h; path = Request.h; sourceTree = "<group>"; };
		2E52741F16542CBB00594691 /* Request.m */ = {isa = PBXFileReference; fileEncoding = 4; lastKnownFileType = sourcecode.c.objc; path = Request.m; sourceTree = "<group>"; };
		2E52742016542CBB00594691 /* Round.h */ = {isa = PBXFileReference; fileEncoding = 4; lastKnownFileType = sourcecode.c.h; path = Round.h; sourceTree = "<group>"; };
		2E52742116542CBB00594691 /* Round.m */ = {isa = PBXFileReference; fileEncoding = 4; lastKnownFileType = sourcecode.c.objc; path = Round.m; sourceTree = "<group>"; };
		2E52742316542CBC00594691 /* NSObject+SBJson.h */ = {isa = PBXFileReference; fileEncoding = 4; lastKnownFileType = sourcecode.c.h; path = "NSObject+SBJson.h"; sourceTree = "<group>"; };
		2E52742416542CBC00594691 /* NSObject+SBJson.m */ = {isa = PBXFileReference; fileEncoding = 4; lastKnownFileType = sourcecode.c.objc; path = "NSObject+SBJson.m"; sourceTree = "<group>"; };
		2E52742516542CBC00594691 /* SBJson.h */ = {isa = PBXFileReference; fileEncoding = 4; lastKnownFileType = sourcecode.c.h; path = SBJson.h; sourceTree = "<group>"; };
		2E52742616542CBC00594691 /* SBJsonParser.h */ = {isa = PBXFileReference; fileEncoding = 4; lastKnownFileType = sourcecode.c.h; path = SBJsonParser.h; sourceTree = "<group>"; };
		2E52742716542CBC00594691 /* SBJsonParser.m */ = {isa = PBXFileReference; fileEncoding = 4; lastKnownFileType = sourcecode.c.objc; path = SBJsonParser.m; sourceTree = "<group>"; };
		2E52742816542CBC00594691 /* SBJsonStreamParser.h */ = {isa = PBXFileReference; fileEncoding = 4; lastKnownFileType = sourcecode.c.h; path = SBJsonStreamParser.h; sourceTree = "<group>"; };
		2E52742916542CBC00594691 /* SBJsonStreamParser.m */ = {isa = PBXFileReference; fileEncoding = 4; lastKnownFileType = sourcecode.c.objc; path = SBJsonStreamParser.m; sourceTree = "<group>"; };
		2E52742A16542CBC00594691 /* SBJsonStreamParserAccumulator.h */ = {isa = PBXFileReference; fileEncoding = 4; lastKnownFileType = sourcecode.c.h; path = SBJsonStreamParserAccumulator.h; sourceTree = "<group>"; };
		2E52742B16542CBC00594691 /* SBJsonStreamParserAccumulator.m */ = {isa = PBXFileReference; fileEncoding = 4; lastKnownFileType = sourcecode.c.objc; path = SBJsonStreamParserAccumulator.m; sourceTree = "<group>"; };
		2E52742C16542CBC00594691 /* SBJsonStreamParserAdapter.h */ = {isa = PBXFileReference; fileEncoding = 4; lastKnownFileType = sourcecode.c.h; path = SBJsonStreamParserAdapter.h; sourceTree = "<group>"; };
		2E52742D16542CBC00594691 /* SBJsonStreamParserAdapter.m */ = {isa = PBXFileReference; fileEncoding = 4; lastKnownFileType = sourcecode.c.objc; path = SBJsonStreamParserAdapter.m; sourceTree = "<group>"; };
		2E52742E16542CBC00594691 /* SBJsonStreamParserState.h */ = {isa = PBXFileReference; fileEncoding = 4; lastKnownFileType = sourcecode.c.h; path = SBJsonStreamParserState.h; sourceTree = "<group>"; };
		2E52742F16542CBC00594691 /* SBJsonStreamParserState.m */ = {isa = PBXFileReference; fileEncoding = 4; lastKnownFileType = sourcecode.c.objc; path = SBJsonStreamParserState.m; sourceTree = "<group>"; };
		2E52743016542CBC00594691 /* SBJsonStreamWriter.h */ = {isa = PBXFileReference; fileEncoding = 4; lastKnownFileType = sourcecode.c.h; path = SBJsonStreamWriter.h; sourceTree = "<group>"; };
		2E52743116542CBC00594691 /* SBJsonStreamWriter.m */ = {isa = PBXFileReference; fileEncoding = 4; lastKnownFileType = sourcecode.c.objc; path = SBJsonStreamWriter.m; sourceTree = "<group>"; };
		2E52743216542CBC00594691 /* SBJsonStreamWriterAccumulator.h */ = {isa = PBXFileReference; fileEncoding = 4; lastKnownFileType = sourcecode.c.h; path = SBJsonStreamWriterAccumulator.h; sourceTree = "<group>"; };
		2E52743316542CBC00594691 /* SBJsonStreamWriterAccumulator.m */ = {isa = PBXFileReference; fileEncoding = 4; lastKnownFileType = sourcecode.c.objc; path = SBJsonStreamWriterAccumulator.m; sourceTree = "<group>"; };
		2E52743416542CBC00594691 /* SBJsonStreamWriterState.h */ = {isa = PBXFileReference; fileEncoding = 4; lastKnownFileType = sourcecode.c.h; path = SBJsonStreamWriterState.h; sourceTree = "<group>"; };
		2E52743516542CBC00594691 /* SBJsonStreamWriterState.m */ = {isa = PBXFileReference; fileEncoding = 4; lastKnownFileType = sourcecode.c.objc; path = SBJsonStreamWriterState.m; sourceTree = "<group>"; };
		2E52743616542CBC00594691 /* SBJsonTokeniser.h */ = {isa = PBXFileReference; fileEncoding = 4; lastKnownFileType = sourcecode.c.h; path = SBJsonTokeniser.h; sourceTree = "<group>"; };
		2E52743716542CBC00594691 /* SBJsonTokeniser.m */ = {isa = PBXFileReference; fileEncoding = 4; lastKnownFileType = sourcecode.c.objc; path = SBJsonTokeniser.m; sourceTree = "<group>"; };
		2E52743816542CBC00594691 /* SBJsonUTF8Stream.h */ = {isa = PBXFileReference; fileEncoding = 4; lastKnownFileType = sourcecode.c.h; path = SBJsonUTF8Stream.h; sourceTree = "<group>"; };
		2E52743916542CBC00594691 /* SBJsonUTF8Stream.m */ = {isa = PBXFileReference; fileEncoding = 4; lastKnownFileType = sourcecode.c.objc; path = SBJsonUTF8Stream.m; sourceTree = "<group>"; };
		2E52743A16542CBC00594691 /* SBJsonWriter.h */ = {isa = PBXFileReference; fileEncoding = 4; lastKnownFileType = sourcecode.c.h; path = SBJsonWriter.h; sourceTree = "<group>"; };
		2E52743B16542CBC00594691 /* SBJsonWriter.m */ = {isa = PBXFileReference; fileEncoding = 4; lastKnownFileType = sourcecode.c.objc; path = SBJsonWriter.m; sourceTree = "<group>"; };
		2E52743C16542CBC00594691 /* Shot.h */ = {isa = PBXFileReference; fileEncoding = 4; lastKnownFileType = sourcecode.c.h; path = Shot.h; sourceTree = "<group>"; };
		2E52743D16542CBC00594691 /* Shot.m */ = {isa = PBXFileReference; fileEncoding = 4; lastKnownFileType = sourcecode.c.objc; path = Shot.m; sourceTree = "<group>"; };
		2E52743E16542CBC00594691 /* User.h */ = {isa = PBXFileReference; fileEncoding = 4; lastKnownFileType = sourcecode.c.h; path = User.h; sourceTree = "<group>"; };
		2E52743F16542CBC00594691 /* User.m */ = {isa = PBXFileReference; fileEncoding = 4; lastKnownFileType = sourcecode.c.objc; path = User.m; sourceTree = "<group>"; };
		B607B99416504E8100025E10 /* Hole.h */ = {isa = PBXFileReference; fileEncoding = 4; lastKnownFileType = sourcecode.c.h; path = Hole.h; sourceTree = "<group>"; };
		B607B99516504E8100025E10 /* Hole.m */ = {isa = PBXFileReference; fileEncoding = 4; lastKnownFileType = sourcecode.c.objc; path = Hole.m; sourceTree = "<group>"; };
		B607B99D16504EF400025E10 /* Shot.h */ = {isa = PBXFileReference; fileEncoding = 4; lastKnownFileType = sourcecode.c.h; path = Shot.h; sourceTree = "<group>"; };
		B607B99E16504EF400025E10 /* Shot.m */ = {isa = PBXFileReference; fileEncoding = 4; lastKnownFileType = sourcecode.c.objc; path = Shot.m; sourceTree = "<group>"; };
		B607B9A016507E8500025E10 /* OptionsVC.h */ = {isa = PBXFileReference; fileEncoding = 4; lastKnownFileType = sourcecode.c.h; path = OptionsVC.h; sourceTree = "<group>"; };
		B607B9A116507E8500025E10 /* OptionsVC.m */ = {isa = PBXFileReference; fileEncoding = 4; lastKnownFileType = sourcecode.c.objc; path = OptionsVC.m; sourceTree = "<group>"; };
		B607B9A71651986B00025E10 /* hole1.PNG */ = {isa = PBXFileReference; lastKnownFileType = image.png; path = hole1.PNG; sourceTree = "<group>"; };
		B607B9A81651986B00025E10 /* hole2.PNG */ = {isa = PBXFileReference; lastKnownFileType = image.png; path = hole2.PNG; sourceTree = "<group>"; };
		B607B9A91651986B00025E10 /* hole3.PNG */ = {isa = PBXFileReference; lastKnownFileType = image.png; path = hole3.PNG; sourceTree = "<group>"; };
		B607B9AA1651986B00025E10 /* hole4.PNG */ = {isa = PBXFileReference; lastKnownFileType = image.png; path = hole4.PNG; sourceTree = "<group>"; };
		B607B9AB1651986B00025E10 /* hole5.PNG */ = {isa = PBXFileReference; lastKnownFileType = image.png; path = hole5.PNG; sourceTree = "<group>"; };
		B607B9AC1651986B00025E10 /* hole6.PNG */ = {isa = PBXFileReference; lastKnownFileType = image.png; path = hole6.PNG; sourceTree = "<group>"; };
		B607B9AD1651986B00025E10 /* hole7.PNG */ = {isa = PBXFileReference; lastKnownFileType = image.png; path = hole7.PNG; sourceTree = "<group>"; };
		B607B9AE1651986B00025E10 /* hole8.PNG */ = {isa = PBXFileReference; lastKnownFileType = image.png; path = hole8.PNG; sourceTree = "<group>"; };
		B607B9AF1651986B00025E10 /* hole9.PNG */ = {isa = PBXFileReference; lastKnownFileType = image.png; path = hole9.PNG; sourceTree = "<group>"; };
		B607B9B01651986B00025E10 /* hole10.png */ = {isa = PBXFileReference; lastKnownFileType = image.png; path = hole10.png; sourceTree = "<group>"; };
		B607B9B11651986B00025E10 /* hole11.PNG */ = {isa = PBXFileReference; lastKnownFileType = image.png; path = hole11.PNG; sourceTree = "<group>"; };
		B607B9B21651986B00025E10 /* hole12.PNG */ = {isa = PBXFileReference; lastKnownFileType = image.png; path = hole12.PNG; sourceTree = "<group>"; };
		B607B9B31651986B00025E10 /* hole13.PNG */ = {isa = PBXFileReference; lastKnownFileType = image.png; path = hole13.PNG; sourceTree = "<group>"; };
		B607B9B41651986B00025E10 /* hole14.PNG */ = {isa = PBXFileReference; lastKnownFileType = image.png; path = hole14.PNG; sourceTree = "<group>"; };
		B607B9B51651986B00025E10 /* hole15.PNG */ = {isa = PBXFileReference; lastKnownFileType = image.png; path = hole15.PNG; sourceTree = "<group>"; };
		B607B9B61651986B00025E10 /* hole16.PNG */ = {isa = PBXFileReference; lastKnownFileType = image.png; path = hole16.PNG; sourceTree = "<group>"; };
		B607B9B71651986B00025E10 /* hole17.PNG */ = {isa = PBXFileReference; lastKnownFileType = image.png; path = hole17.PNG; sourceTree = "<group>"; };
		B607B9B81651986B00025E10 /* hole18.png */ = {isa = PBXFileReference; lastKnownFileType = image.png; path = hole18.png; sourceTree = "<group>"; };
		B63DA9841623E0F0000A968A /* OptionsAllVC.h */ = {isa = PBXFileReference; fileEncoding = 4; lastKnownFileType = sourcecode.c.h; path = OptionsAllVC.h; sourceTree = "<group>"; };
		B63DA9851623E0F0000A968A /* OptionsAllVC.m */ = {isa = PBXFileReference; fileEncoding = 4; lastKnownFileType = sourcecode.c.objc; path = OptionsAllVC.m; sourceTree = "<group>"; };
		B63EC84216499A320075467E /* CoreLocation.framework */ = {isa = PBXFileReference; lastKnownFileType = wrapper.framework; name = CoreLocation.framework; path = System/Library/Frameworks/CoreLocation.framework; sourceTree = SDKROOT; };
		B63EC8B41649C09D0075467E /* libsqlite3.dylib */ = {isa = PBXFileReference; lastKnownFileType = "compiled.mach-o.dylib"; name = libsqlite3.dylib; path = usr/lib/libsqlite3.dylib; sourceTree = SDKROOT; };
		B665966B163D2BC100FB19A9 /* ShotOptionVC.h */ = {isa = PBXFileReference; fileEncoding = 4; lastKnownFileType = sourcecode.c.h; path = ShotOptionVC.h; sourceTree = "<group>"; };
		B665966C163D2BC100FB19A9 /* ShotOptionVC.m */ = {isa = PBXFileReference; fileEncoding = 4; lastKnownFileType = sourcecode.c.objc; path = ShotOptionVC.m; sourceTree = "<group>"; };
		B6659672163D3A9200FB19A9 /* clubs.jpg */ = {isa = PBXFileReference; lastKnownFileType = image.jpeg; path = clubs.jpg; sourceTree = "<group>"; };
		B6659673163D3A9200FB19A9 /* compass.png */ = {isa = PBXFileReference; lastKnownFileType = image.png; path = compass.png; sourceTree = "<group>"; };
		B6659674163D3A9200FB19A9 /* checkbox.png */ = {isa = PBXFileReference; lastKnownFileType = image.png; path = checkbox.png; sourceTree = "<group>"; };
		B6659675163D3A9200FB19A9 /* ballontee.jpg */ = {isa = PBXFileReference; lastKnownFileType = image.jpeg; path = ballontee.jpg; sourceTree = "<group>"; };
		B665967B163D3D2D00FB19A9 /* lake.png */ = {isa = PBXFileReference; lastKnownFileType = image.png; path = lake.png; sourceTree = "<group>"; };
		B665967D163D3EAE00FB19A9 /* clubs5.png */ = {isa = PBXFileReference; lastKnownFileType = image.png; path = clubs5.png; sourceTree = "<group>"; };
		B665967E163D3EAE00FB19A9 /* hit.jpg */ = {isa = PBXFileReference; lastKnownFileType = image.jpeg; path = hit.jpg; sourceTree = "<group>"; };
		B6659681163D41F000FB19A9 /* golfswing.jpg */ = {isa = PBXFileReference; lastKnownFileType = image.jpeg; path = golfswing.jpg; sourceTree = "<group>"; };
		B6659683163D458F00FB19A9 /* map.png */ = {isa = PBXFileReference; lastKnownFileType = image.png; path = map.png; sourceTree = "<group>"; };
		B6659685163D45E100FB19A9 /* golfswing.png */ = {isa = PBXFileReference; lastKnownFileType = image.png; path = golfswing.png; sourceTree = "<group>"; };
		B6659687163D465600FB19A9 /* bagofclubs.jpg */ = {isa = PBXFileReference; lastKnownFileType = image.jpeg; path = bagofclubs.jpg; sourceTree = "<group>"; };
		B6659689163D46C100FB19A9 /* clubsongreen.png */ = {isa = PBXFileReference; lastKnownFileType = image.png; path = clubsongreen.png; sourceTree = "<group>"; };
		B665968A163D46C100FB19A9 /* onparlogo.png */ = {isa = PBXFileReference; lastKnownFileType = image.png; path = onparlogo.png; sourceTree = "<group>"; };
		B665968D163D496700FB19A9 /* PenaltyVC.h */ = {isa = PBXFileReference; fileEncoding = 4; lastKnownFileType = sourcecode.c.h; path = PenaltyVC.h; sourceTree = "<group>"; };
		B665968E163D496700FB19A9 /* PenaltyVC.m */ = {isa = PBXFileReference; fileEncoding = 4; lastKnownFileType = sourcecode.c.objc; path = PenaltyVC.m; sourceTree = "<group>"; };
		B6659694163DD58D00FB19A9 /* settings.png */ = {isa = PBXFileReference; lastKnownFileType = image.png; path = settings.png; sourceTree = "<group>"; };
		B6659697163DD6E500FB19A9 /* CourseSelectionVC.h */ = {isa = PBXFileReference; fileEncoding = 4; lastKnownFileType = sourcecode.c.h; path = CourseSelectionVC.h; sourceTree = "<group>"; };
		B6659698163DD6E500FB19A9 /* CourseSelectionVC.m */ = {isa = PBXFileReference; fileEncoding = 4; lastKnownFileType = sourcecode.c.objc; path = CourseSelectionVC.m; sourceTree = "<group>"; };
		B665969A163DEBC800FB19A9 /* scorecard.jpg */ = {isa = PBXFileReference; lastKnownFileType = image.jpeg; path = scorecard.jpg; sourceTree = "<group>"; };
		B665969C163DEC9200FB19A9 /* To The Green.png */ = {isa = PBXFileReference; lastKnownFileType = image.png; path = "To The Green.png"; sourceTree = "<group>"; };
		B665969E163DF52600FB19A9 /* course selection.png */ = {isa = PBXFileReference; lastKnownFileType = image.png; path = "course selection.png"; sourceTree = "<group>"; };
		B679D6C01623C44200E19F98 /* On Par.app */ = {isa = PBXFileReference; explicitFileType = wrapper.application; includeInIndex = 0; path = "On Par.app"; sourceTree = BUILT_PRODUCTS_DIR; };
		B679D6C41623C44200E19F98 /* UIKit.framework */ = {isa = PBXFileReference; lastKnownFileType = wrapper.framework; name = UIKit.framework; path = System/Library/Frameworks/UIKit.framework; sourceTree = SDKROOT; };
		B679D6C61623C44200E19F98 /* Foundation.framework */ = {isa = PBXFileReference; lastKnownFileType = wrapper.framework; name = Foundation.framework; path = System/Library/Frameworks/Foundation.framework; sourceTree = SDKROOT; };
		B679D6C81623C44200E19F98 /* CoreGraphics.framework */ = {isa = PBXFileReference; lastKnownFileType = wrapper.framework; name = CoreGraphics.framework; path = System/Library/Frameworks/CoreGraphics.framework; sourceTree = SDKROOT; };
		B679D6CC1623C44200E19F98 /* OnPar-Info.plist */ = {isa = PBXFileReference; lastKnownFileType = text.plist.xml; path = "OnPar-Info.plist"; sourceTree = "<group>"; };
		B679D6CE1623C44200E19F98 /* en */ = {isa = PBXFileReference; lastKnownFileType = text.plist.strings; name = en; path = en.lproj/InfoPlist.strings; sourceTree = "<group>"; };
		B679D6D01623C44200E19F98 /* main.m */ = {isa = PBXFileReference; lastKnownFileType = sourcecode.c.objc; path = main.m; sourceTree = "<group>"; };
		B679D6D21623C44200E19F98 /* OnPar-Prefix.pch */ = {isa = PBXFileReference; lastKnownFileType = sourcecode.c.h; path = "OnPar-Prefix.pch"; sourceTree = "<group>"; };
		B679D6D31623C44200E19F98 /* AppDelegate.h */ = {isa = PBXFileReference; lastKnownFileType = sourcecode.c.h; path = AppDelegate.h; sourceTree = "<group>"; };
		B679D6D41623C44200E19F98 /* AppDelegate.m */ = {isa = PBXFileReference; lastKnownFileType = sourcecode.c.objc; path = AppDelegate.m; sourceTree = "<group>"; };
		B679D6D61623C44200E19F98 /* Default.png */ = {isa = PBXFileReference; lastKnownFileType = image.png; path = Default.png; sourceTree = "<group>"; };
		B679D6D81623C44200E19F98 /* Default@2x.png */ = {isa = PBXFileReference; lastKnownFileType = image.png; path = "Default@2x.png"; sourceTree = "<group>"; };
		B679D6DD1623C44200E19F98 /* en */ = {isa = PBXFileReference; lastKnownFileType = file.storyboard; name = en; path = en.lproj/MainStoryboard.storyboard; sourceTree = "<group>"; };
		B679D6DF1623C44200E19F98 /* ViewController.h */ = {isa = PBXFileReference; lastKnownFileType = sourcecode.c.h; path = ViewController.h; sourceTree = "<group>"; };
		B679D6E01623C44200E19F98 /* ViewController.m */ = {isa = PBXFileReference; lastKnownFileType = sourcecode.c.objc; path = ViewController.m; sourceTree = "<group>"; };
		B679D6E91623C4C100E19F98 /* GolfersVC.h */ = {isa = PBXFileReference; fileEncoding = 4; lastKnownFileType = sourcecode.c.h; path = GolfersVC.h; sourceTree = "<group>"; };
		B679D6EA1623C4C100E19F98 /* GolfersVC.m */ = {isa = PBXFileReference; fileEncoding = 4; lastKnownFileType = sourcecode.c.objc; path = GolfersVC.m; sourceTree = "<group>"; };
		B679D6EC1623C4D600E19F98 /* GolferAddVC.h */ = {isa = PBXFileReference; fileEncoding = 4; lastKnownFileType = sourcecode.c.h; path = GolferAddVC.h; sourceTree = "<group>"; };
		B679D6ED1623C4D600E19F98 /* GolferAddVC.m */ = {isa = PBXFileReference; fileEncoding = 4; lastKnownFileType = sourcecode.c.objc; path = GolferAddVC.m; sourceTree = "<group>"; };
		B679D6EF1623C4EE00E19F98 /* GolferChangeVC.h */ = {isa = PBXFileReference; fileEncoding = 4; lastKnownFileType = sourcecode.c.h; path = GolferChangeVC.h; sourceTree = "<group>"; };
		B679D6F01623C4EE00E19F98 /* GolferChangeVC.m */ = {isa = PBXFileReference; fileEncoding = 4; lastKnownFileType = sourcecode.c.objc; path = GolferChangeVC.m; sourceTree = "<group>"; };
		B679D6F51623C54C00E19F98 /* ClubSelectionVC.h */ = {isa = PBXFileReference; fileEncoding = 4; lastKnownFileType = sourcecode.c.h; path = ClubSelectionVC.h; sourceTree = "<group>"; };
		B679D6F61623C54C00E19F98 /* ClubSelectionVC.m */ = {isa = PBXFileReference; fileEncoding = 4; lastKnownFileType = sourcecode.c.objc; path = ClubSelectionVC.m; sourceTree = "<group>"; };
		B679D6FD1623C5AB00E19F98 /* GolfCourse.png */ = {isa = PBXFileReference; lastKnownFileType = image.png; path = GolfCourse.png; sourceTree = "<group>"; };
		B679D6FE1623C5AB00E19F98 /* MSState.png */ = {isa = PBXFileReference; lastKnownFileType = image.png; path = MSState.png; sourceTree = "<group>"; };
		B679D7021623C5C600E19F98 /* plus.png */ = {isa = PBXFileReference; lastKnownFileType = image.png; path = plus.png; sourceTree = "<group>"; };
		B679D7031623C5C600E19F98 /* plus@2x.png */ = {isa = PBXFileReference; lastKnownFileType = image.png; path = "plus@2x.png"; sourceTree = "<group>"; };
		B67AF7661635B74F008A9E9F /* GolfClub-GTASA-icon.png */ = {isa = PBXFileReference; lastKnownFileType = image.png; path = "GolfClub-GTASA-icon.png"; sourceTree = "<group>"; };
		B67AF7691635BA00008A9E9F /* Golf_Club_Sports2010.png */ = {isa = PBXFileReference; lastKnownFileType = image.png; path = Golf_Club_Sports2010.png; sourceTree = "<group>"; };
		B67AF76B1635BA40008A9E9F /* icon-done.png */ = {isa = PBXFileReference; lastKnownFileType = image.png; path = "icon-done.png"; sourceTree = "<group>"; };
		B67AF76C1635BA40008A9E9F /* icon-m-toolbar-done-dimmed.png */ = {isa = PBXFileReference; lastKnownFileType = image.png; path = "icon-m-toolbar-done-dimmed.png"; sourceTree = "<group>"; };
		B6997569164DEB5E00FD14E9 /* dataManager.h */ = {isa = PBXFileReference; fileEncoding = 4; lastKnownFileType = sourcecode.c.h; path = dataManager.h; sourceTree = "<group>"; };
		B699756A164DEB5E00FD14E9 /* dataManager.m */ = {isa = PBXFileReference; fileEncoding = 4; lastKnownFileType = sourcecode.c.objc; path = dataManager.m; sourceTree = "<group>"; };
		B6A3CAFC163CF5CB008705DC /* GolferSelectVC.h */ = {isa = PBXFileReference; fileEncoding = 4; lastKnownFileType = sourcecode.c.h; path = GolferSelectVC.h; sourceTree = "<group>"; };
		B6A3CAFD163CF5CB008705DC /* GolferSelectVC.m */ = {isa = PBXFileReference; fileEncoding = 4; lastKnownFileType = sourcecode.c.objc; path = GolferSelectVC.m; sourceTree = "<group>"; };
		B6A3CB00163CF694008705DC /* QuartzCore.framework */ = {isa = PBXFileReference; lastKnownFileType = wrapper.framework; name = QuartzCore.framework; path = System/Library/Frameworks/QuartzCore.framework; sourceTree = SDKROOT; };
		B6A3CB02163D040E008705DC /* Golf-Green-Icon.png */ = {isa = PBXFileReference; lastKnownFileType = image.png; path = "Golf-Green-Icon.png"; sourceTree = "<group>"; };
		B6A3CB04163D04E1008705DC /* ScoreCardIcon.gif */ = {isa = PBXFileReference; lastKnownFileType = image.gif; path = ScoreCardIcon.gif; sourceTree = "<group>"; };
		B6A3CB06163D06AC008705DC /* ShotVC.h */ = {isa = PBXFileReference; fileEncoding = 4; lastKnownFileType = sourcecode.c.h; path = ShotVC.h; sourceTree = "<group>"; };
		B6A3CB07163D06AD008705DC /* ShotVC.m */ = {isa = PBXFileReference; fileEncoding = 4; lastKnownFileType = sourcecode.c.objc; path = ShotVC.m; sourceTree = "<group>"; };
		B6A49EBA163D177C00B28ECA /* resume.png */ = {isa = PBXFileReference; lastKnownFileType = image.png; path = resume.png; sourceTree = "<group>"; };
		B6A49EBB163D177C00B28ECA /* cancel.png */ = {isa = PBXFileReference; lastKnownFileType = image.png; path = cancel.png; sourceTree = "<group>"; };
		B6A49EBC163D177C00B28ECA /* add.png */ = {isa = PBXFileReference; lastKnownFileType = image.png; path = add.png; sourceTree = "<group>"; };
		B6A49EC4163D18A700B28ECA /* ShotSequenceVC.h */ = {isa = PBXFileReference; fileEncoding = 4; lastKnownFileType = sourcecode.c.h; path = ShotSequenceVC.h; sourceTree = "<group>"; };
		B6A49EC5163D18A700B28ECA /* ShotSequenceVC.m */ = {isa = PBXFileReference; fileEncoding = 4; lastKnownFileType = sourcecode.c.objc; path = ShotSequenceVC.m; sourceTree = "<group>"; };
		B6AD37D8163FA72A003EF162 /* man@2x.png */ = {isa = PBXFileReference; lastKnownFileType = image.png; path = "man@2x.png"; sourceTree = "<group>"; };
		B6AD37DC163FA74D003EF162 /* man.png */ = {isa = PBXFileReference; lastKnownFileType = image.png; path = man.png; sourceTree = "<group>"; };
		B6AD37E2163FB34E003EF162 /* PuttingVC.h */ = {isa = PBXFileReference; fileEncoding = 4; lastKnownFileType = sourcecode.c.h; path = PuttingVC.h; sourceTree = "<group>"; };
		B6AD37E3163FB34E003EF162 /* PuttingVC.m */ = {isa = PBXFileReference; fileEncoding = 4; lastKnownFileType = sourcecode.c.objc; path = PuttingVC.m; sourceTree = "<group>"; };
		B6AD382E164073A4003EF162 /* CoreData.framework */ = {isa = PBXFileReference; lastKnownFileType = wrapper.framework; name = CoreData.framework; path = System/Library/Frameworks/CoreData.framework; sourceTree = SDKROOT; };
		B6AE43CD162D9F420070136C /* icon.png */ = {isa = PBXFileReference; lastKnownFileType = image.png; name = icon.png; path = ../icon.png; sourceTree = "<group>"; };
		B6AE43CF162D9F490070136C /* icon@2x.png */ = {isa = PBXFileReference; lastKnownFileType = image.png; name = "icon@2x.png"; path = "../icon@2x.png"; sourceTree = "<group>"; };
		B6C092771635B5C000AE2C8B /* plus_48.png */ = {isa = PBXFileReference; lastKnownFileType = image.png; path = plus_48.png; sourceTree = "<group>"; };
		B6C5BEF11635BAAD00D7D732 /* golfball1.png */ = {isa = PBXFileReference; lastKnownFileType = image.png; path = golfball1.png; sourceTree = "<group>"; };
		B6C5BEF81635BCB200D7D732 /* icon-checkmark.png */ = {isa = PBXFileReference; lastKnownFileType = image.png; path = "icon-checkmark.png"; sourceTree = "<group>"; };
		B6C5BEFA1635BD6700D7D732 /* pictograms-nps-golfing.png */ = {isa = PBXFileReference; lastKnownFileType = image.png; path = "pictograms-nps-golfing.png"; sourceTree = "<group>"; };
		B6C5BF0616372B1300D7D732 /* Default-568h@2x.png */ = {isa = PBXFileReference; lastKnownFileType = image.png; name = "Default-568h@2x.png"; path = "../Default-568h@2x.png"; sourceTree = "<group>"; };
		B6C5BF47163B812B00D7D732 /* MainMenuVC.h */ = {isa = PBXFileReference; fileEncoding = 4; lastKnownFileType = sourcecode.c.h; path = MainMenuVC.h; sourceTree = "<group>"; };
		B6C5BF48163B812B00D7D732 /* MainMenuVC.m */ = {isa = PBXFileReference; fileEncoding = 4; lastKnownFileType = sourcecode.c.objc; path = MainMenuVC.m; sourceTree = "<group>"; };
		B6C5BF4B163B903900D7D732 /* SettingsVC.h */ = {isa = PBXFileReference; fileEncoding = 4; lastKnownFileType = sourcecode.c.h; path = SettingsVC.h; sourceTree = "<group>"; };
		B6C5BF4C163B903900D7D732 /* SettingsVC.m */ = {isa = PBXFileReference; fileEncoding = 4; lastKnownFileType = sourcecode.c.objc; path = SettingsVC.m; sourceTree = "<group>"; };
/* End PBXFileReference section */

/* Begin PBXFrameworksBuildPhase section */
		B679D6BD1623C44200E19F98 /* Frameworks */ = {
			isa = PBXFrameworksBuildPhase;
			buildActionMask = 2147483647;
			files = (
				B63EC8B51649C09D0075467E /* libsqlite3.dylib in Frameworks */,
				B63EC84316499A320075467E /* CoreLocation.framework in Frameworks */,
				B6AD382F164073A4003EF162 /* CoreData.framework in Frameworks */,
				B6A3CB01163CF694008705DC /* QuartzCore.framework in Frameworks */,
				B679D6C51623C44200E19F98 /* UIKit.framework in Frameworks */,
				B679D6C71623C44200E19F98 /* Foundation.framework in Frameworks */,
				B679D6C91623C44200E19F98 /* CoreGraphics.framework in Frameworks */,
			);
			runOnlyForDeploymentPostprocessing = 0;
		};
/* End PBXFrameworksBuildPhase section */

/* Begin PBXGroup section */
		2E5273DE16542CBB00594691 /* classes */ = {
			isa = PBXGroup;
			children = (
				2E5273DF16542CBB00594691 /* API_Interface */,
			);
			path = classes;
			sourceTree = "<group>";
		};
		2E5273DF16542CBB00594691 /* API_Interface */ = {
			isa = PBXGroup;
			children = (
				2E5273E016542CBB00594691 /* API_Interface.h */,
				2E5273E116542CBB00594691 /* API_Interface.m */,
				2E5273E216542CBB00594691 /* Course.h */,
				2E5273E316542CBB00594691 /* Course.m */,
				2E5273E416542CBB00594691 /* defines.h */,
				2E5273E516542CBB00594691 /* defines.m */,
				2E5273E616542CBB00594691 /* Hole.h */,
				2E5273E716542CBB00594691 /* Hole.m */,
				2E5273E816542CBB00594691 /* LRResty */,
				2E52741E16542CBB00594691 /* Request.h */,
				2E52741F16542CBB00594691 /* Request.m */,
				2E52742016542CBB00594691 /* Round.h */,
				2E52742116542CBB00594691 /* Round.m */,
				2E52742216542CBB00594691 /* SBjson */,
				2E52743C16542CBC00594691 /* Shot.h */,
				2E52743D16542CBC00594691 /* Shot.m */,
				2E52743E16542CBC00594691 /* User.h */,
				2E52743F16542CBC00594691 /* User.m */,
			);
			path = API_Interface;
			sourceTree = "<group>";
		};
		2E5273E816542CBB00594691 /* LRResty */ = {
			isa = PBXGroup;
			children = (
				2E5273E916542CBB00594691 /* Categories */,
				2E5273F816542CBB00594691 /* LRResty.h */,
				2E5273F916542CBB00594691 /* LRResty.m */,
				2E5273FA16542CBB00594691 /* LRRestyClient+DELETE.h */,
				2E5273FB16542CBB00594691 /* LRRestyClient+DELETE.m */,
				2E5273FC16542CBB00594691 /* LRRestyClient+GET.h */,
				2E5273FD16542CBB00594691 /* LRRestyClient+GET.m */,
				2E5273FE16542CBB00594691 /* LRRestyClient+POST.h */,
				2E5273FF16542CBB00594691 /* LRRestyClient+POST.m */,
				2E52740016542CBB00594691 /* LRRestyClient+PUT.h */,
				2E52740116542CBB00594691 /* LRRestyClient+PUT.m */,
				2E52740216542CBB00594691 /* LRRestyClient.h */,
				2E52740316542CBB00594691 /* LRRestyClient.m */,
				2E52740416542CBB00594691 /* LRRestyClientBlockDelegate.h */,
				2E52740516542CBB00594691 /* LRRestyClientBlockDelegate.m */,
				2E52740616542CBB00594691 /* LRRestyClientDelegate.h */,
				2E52740716542CBB00594691 /* LRRestyClientProxyDelegate.h */,
				2E52740816542CBB00594691 /* LRRestyClientProxyDelegate.m */,
				2E52740916542CBB00594691 /* LRRestyClientResponseDelegate.h */,
				2E52740A16542CBB00594691 /* LRRestyClientStreamingDelegate.h */,
				2E52740B16542CBB00594691 /* LRRestyClientStreamingDelegate.m */,
				2E52740C16542CBB00594691 /* LRRestyHTTPClient.h */,
				2E52740D16542CBB00594691 /* LRRestyHTTPClient.m */,
				2E52740E16542CBB00594691 /* LRRestyRequest.h */,
				2E52740F16542CBB00594691 /* LRRestyRequest.m */,
				2E52741016542CBB00594691 /* LRRestyRequestDelegate.h */,
				2E52741116542CBB00594691 /* LRRestyRequestPayload.h */,
				2E52741216542CBB00594691 /* LRRestyRequestPayload.m */,
				2E52741316542CBB00594691 /* LRRestyResource.h */,
				2E52741416542CBB00594691 /* LRRestyResource.m */,
				2E52741516542CBB00594691 /* LRRestyResourceDelegate.h */,
				2E52741616542CBB00594691 /* LRRestyResponse+Internal.h */,
				2E52741716542CBB00594691 /* LRRestyResponse.h */,
				2E52741816542CBB00594691 /* LRRestyResponse.m */,
				2E52741916542CBB00594691 /* LRRestyTypes.h */,
				2E52741A16542CBB00594691 /* LRSynchronousProxy.h */,
				2E52741B16542CBB00594691 /* LRSynchronousProxy.m */,
				2E52741C16542CBB00594691 /* LRURLRequestOperation.h */,
				2E52741D16542CBB00594691 /* LRURLRequestOperation.m */,
			);
			path = LRResty;
			sourceTree = "<group>";
		};
		2E5273E916542CBB00594691 /* Categories */ = {
			isa = PBXGroup;
			children = (
				2E5273EA16542CBB00594691 /* NSData+Base64.h */,
				2E5273EB16542CBB00594691 /* NSData+Base64.m */,
				2E5273EC16542CBB00594691 /* NSDictionary+QueryString.h */,
				2E5273ED16542CBB00594691 /* NSDictionary+QueryString.m */,
				2E5273EE16542CBB00594691 /* NSObject+SynchronousProxy.h */,
				2E5273EF16542CBB00594691 /* NSObject+SynchronousProxy.m */,
				2E5273F016542CBB00594691 /* NSObject+Tap.h */,
				2E5273F116542CBB00594691 /* NSObject+Tap.m */,
				2E5273F216542CBB00594691 /* NSRunLoop+Additions.h */,
				2E5273F316542CBB00594691 /* NSRunLoop+Additions.m */,
				2E5273F416542CBB00594691 /* NSString+QueryString.h */,
				2E5273F516542CBB00594691 /* NSString+QueryString.m */,
				2E5273F616542CBB00594691 /* NSURL+QueryInspector.h */,
				2E5273F716542CBB00594691 /* NSURL+QueryInspector.m */,
			);
			path = Categories;
			sourceTree = "<group>";
		};
		2E52742216542CBB00594691 /* SBjson */ = {
			isa = PBXGroup;
			children = (
				2E52742316542CBC00594691 /* NSObject+SBJson.h */,
				2E52742416542CBC00594691 /* NSObject+SBJson.m */,
				2E52742516542CBC00594691 /* SBJson.h */,
				2E52742616542CBC00594691 /* SBJsonParser.h */,
				2E52742716542CBC00594691 /* SBJsonParser.m */,
				2E52742816542CBC00594691 /* SBJsonStreamParser.h */,
				2E52742916542CBC00594691 /* SBJsonStreamParser.m */,
				2E52742A16542CBC00594691 /* SBJsonStreamParserAccumulator.h */,
				2E52742B16542CBC00594691 /* SBJsonStreamParserAccumulator.m */,
				2E52742C16542CBC00594691 /* SBJsonStreamParserAdapter.h */,
				2E52742D16542CBC00594691 /* SBJsonStreamParserAdapter.m */,
				2E52742E16542CBC00594691 /* SBJsonStreamParserState.h */,
				2E52742F16542CBC00594691 /* SBJsonStreamParserState.m */,
				2E52743016542CBC00594691 /* SBJsonStreamWriter.h */,
				2E52743116542CBC00594691 /* SBJsonStreamWriter.m */,
				2E52743216542CBC00594691 /* SBJsonStreamWriterAccumulator.h */,
				2E52743316542CBC00594691 /* SBJsonStreamWriterAccumulator.m */,
				2E52743416542CBC00594691 /* SBJsonStreamWriterState.h */,
				2E52743516542CBC00594691 /* SBJsonStreamWriterState.m */,
				2E52743616542CBC00594691 /* SBJsonTokeniser.h */,
				2E52743716542CBC00594691 /* SBJsonTokeniser.m */,
				2E52743816542CBC00594691 /* SBJsonUTF8Stream.h */,
				2E52743916542CBC00594691 /* SBJsonUTF8Stream.m */,
				2E52743A16542CBC00594691 /* SBJsonWriter.h */,
				2E52743B16542CBC00594691 /* SBJsonWriter.m */,
			);
			path = SBjson;
			sourceTree = "<group>";
		};
		B679D6B51623C44200E19F98 = {
			isa = PBXGroup;
			children = (
				2E5273DE16542CBB00594691 /* classes */,
				B679D6CA1623C44200E19F98 /* OnPar */,
				B679D6C31623C44200E19F98 /* Frameworks */,
				B679D6C11623C44200E19F98 /* Products */,
			);
			sourceTree = "<group>";
		};
		B679D6C11623C44200E19F98 /* Products */ = {
			isa = PBXGroup;
			children = (
				B679D6C01623C44200E19F98 /* On Par.app */,
			);
			name = Products;
			sourceTree = "<group>";
		};
		B679D6C31623C44200E19F98 /* Frameworks */ = {
			isa = PBXGroup;
			children = (
				B63EC8B41649C09D0075467E /* libsqlite3.dylib */,
				B63EC84216499A320075467E /* CoreLocation.framework */,
				B6AD382E164073A4003EF162 /* CoreData.framework */,
				B6A3CB00163CF694008705DC /* QuartzCore.framework */,
				B679D6C41623C44200E19F98 /* UIKit.framework */,
				B679D6C61623C44200E19F98 /* Foundation.framework */,
				B679D6C81623C44200E19F98 /* CoreGraphics.framework */,
			);
			name = Frameworks;
			sourceTree = "<group>";
		};
		B679D6CA1623C44200E19F98 /* OnPar */ = {
			isa = PBXGroup;
			children = (
				B6AD37D3163EE872003EF162 /* Unused */,
				B679D6DC1623C44200E19F98 /* MainStoryboard.storyboard */,
				B699756D164DEB6400FD14E9 /* Classes */,
				B679D6E71623C47500E19F98 /* Delegates */,
				B679D6E81623C48600E19F98 /* View Controllers */,
				B679D6CB1623C44200E19F98 /* Supporting Files */,
			);
			path = OnPar;
			sourceTree = "<group>";
		};
		B679D6CB1623C44200E19F98 /* Supporting Files */ = {
			isa = PBXGroup;
			children = (
				B679D7011623C5B000E19F98 /* Images */,
				B679D6CC1623C44200E19F98 /* OnPar-Info.plist */,
				B679D6CD1623C44200E19F98 /* InfoPlist.strings */,
				B679D6D01623C44200E19F98 /* main.m */,
				B679D6D21623C44200E19F98 /* OnPar-Prefix.pch */,
			);
			name = "Supporting Files";
			sourceTree = "<group>";
		};
		B679D6E71623C47500E19F98 /* Delegates */ = {
			isa = PBXGroup;
			children = (
				B679D6D31623C44200E19F98 /* AppDelegate.h */,
				B679D6D41623C44200E19F98 /* AppDelegate.m */,
			);
			name = Delegates;
			sourceTree = "<group>";
		};
		B679D6E81623C48600E19F98 /* View Controllers */ = {
			isa = PBXGroup;
			children = (
				B6DD75B9164B30D200A472D8 /* Main */,
				B6AD37CE163EE74B003EF162 /* Course */,
				B6AD37CC163EE745003EF162 /* Golfers */,
				B6AD37CF163EE752003EF162 /* Settings */,
				B6AD37D0163EE792003EF162 /* Play */,
			);
			name = "View Controllers";
			sourceTree = "<group>";
		};
		B679D7011623C5B000E19F98 /* Images */ = {
			isa = PBXGroup;
			children = (
				B607B9A71651986B00025E10 /* hole1.PNG */,
				B607B9A81651986B00025E10 /* hole2.PNG */,
				B607B9A91651986B00025E10 /* hole3.PNG */,
				B607B9AA1651986B00025E10 /* hole4.PNG */,
				B607B9AB1651986B00025E10 /* hole5.PNG */,
				B607B9AC1651986B00025E10 /* hole6.PNG */,
				B607B9AD1651986B00025E10 /* hole7.PNG */,
				B607B9AE1651986B00025E10 /* hole8.PNG */,
				B607B9AF1651986B00025E10 /* hole9.PNG */,
				B607B9B01651986B00025E10 /* hole10.png */,
				B607B9B11651986B00025E10 /* hole11.PNG */,
				B607B9B21651986B00025E10 /* hole12.PNG */,
				B607B9B31651986B00025E10 /* hole13.PNG */,
				B607B9B41651986B00025E10 /* hole14.PNG */,
				B607B9B51651986B00025E10 /* hole15.PNG */,
				B607B9B61651986B00025E10 /* hole16.PNG */,
				B607B9B71651986B00025E10 /* hole17.PNG */,
				B607B9B81651986B00025E10 /* hole18.png */,
				B6AD37DC163FA74D003EF162 /* man.png */,
				B6AD37D8163FA72A003EF162 /* man@2x.png */,
				B665969E163DF52600FB19A9 /* course selection.png */,
				B665969C163DEC9200FB19A9 /* To The Green.png */,
				B665969A163DEBC800FB19A9 /* scorecard.jpg */,
				B6659694163DD58D00FB19A9 /* settings.png */,
				B6659689163D46C100FB19A9 /* clubsongreen.png */,
				B665968A163D46C100FB19A9 /* onparlogo.png */,
				B6659687163D465600FB19A9 /* bagofclubs.jpg */,
				B6659685163D45E100FB19A9 /* golfswing.png */,
				B6659683163D458F00FB19A9 /* map.png */,
				B6659681163D41F000FB19A9 /* golfswing.jpg */,
				B665967D163D3EAE00FB19A9 /* clubs5.png */,
				B665967E163D3EAE00FB19A9 /* hit.jpg */,
				B665967B163D3D2D00FB19A9 /* lake.png */,
				B6659672163D3A9200FB19A9 /* clubs.jpg */,
				B6659673163D3A9200FB19A9 /* compass.png */,
				B6659674163D3A9200FB19A9 /* checkbox.png */,
				B6659675163D3A9200FB19A9 /* ballontee.jpg */,
				B6A49EBA163D177C00B28ECA /* resume.png */,
				B6A49EBB163D177C00B28ECA /* cancel.png */,
				B6A49EBC163D177C00B28ECA /* add.png */,
				B6A3CB04163D04E1008705DC /* ScoreCardIcon.gif */,
				B6C5BF0616372B1300D7D732 /* Default-568h@2x.png */,
				B6A3CB02163D040E008705DC /* Golf-Green-Icon.png */,
				B6C5BEF11635BAAD00D7D732 /* golfball1.png */,
				B6C5BEFA1635BD6700D7D732 /* pictograms-nps-golfing.png */,
				B6C5BEF81635BCB200D7D732 /* icon-checkmark.png */,
				B67AF76B1635BA40008A9E9F /* icon-done.png */,
				B67AF76C1635BA40008A9E9F /* icon-m-toolbar-done-dimmed.png */,
				B67AF7691635BA00008A9E9F /* Golf_Club_Sports2010.png */,
				B67AF7661635B74F008A9E9F /* GolfClub-GTASA-icon.png */,
				B6C092771635B5C000AE2C8B /* plus_48.png */,
				B679D6D61623C44200E19F98 /* Default.png */,
				B679D6D81623C44200E19F98 /* Default@2x.png */,
				B679D6FD1623C5AB00E19F98 /* GolfCourse.png */,
				B6AE43CD162D9F420070136C /* icon.png */,
				B6AE43CF162D9F490070136C /* icon@2x.png */,
				B679D6FE1623C5AB00E19F98 /* MSState.png */,
				B679D7021623C5C600E19F98 /* plus.png */,
				B679D7031623C5C600E19F98 /* plus@2x.png */,
			);
			name = Images;
			sourceTree = "<group>";
		};
		B699756D164DEB6400FD14E9 /* Classes */ = {
			isa = PBXGroup;
			children = (
				B6997569164DEB5E00FD14E9 /* dataManager.h */,
				B699756A164DEB5E00FD14E9 /* dataManager.m */,
			);
			name = Classes;
			sourceTree = "<group>";
		};
		B6AD37CC163EE745003EF162 /* Golfers */ = {
			isa = PBXGroup;
			children = (
				B679D6E91623C4C100E19F98 /* GolfersVC.h */,
				B679D6EA1623C4C100E19F98 /* GolfersVC.m */,
				B679D6EC1623C4D600E19F98 /* GolferAddVC.h */,
				B679D6ED1623C4D600E19F98 /* GolferAddVC.m */,
			);
			name = Golfers;
			sourceTree = "<group>";
		};
		B6AD37CE163EE74B003EF162 /* Course */ = {
			isa = PBXGroup;
			children = (
				B6659697163DD6E500FB19A9 /* CourseSelectionVC.h */,
				B6659698163DD6E500FB19A9 /* CourseSelectionVC.m */,
			);
			name = Course;
			sourceTree = "<group>";
		};
		B6AD37CF163EE752003EF162 /* Settings */ = {
			isa = PBXGroup;
			children = (
				B6C5BF4B163B903900D7D732 /* SettingsVC.h */,
				B6C5BF4C163B903900D7D732 /* SettingsVC.m */,
			);
			name = Settings;
			sourceTree = "<group>";
		};
		B6AD37D0163EE792003EF162 /* Play */ = {
			isa = PBXGroup;
			children = (
				B6A3CAFC163CF5CB008705DC /* GolferSelectVC.h */,
				B6A3CAFD163CF5CB008705DC /* GolferSelectVC.m */,
				B607B9A016507E8500025E10 /* OptionsVC.h */,
				B607B9A116507E8500025E10 /* OptionsVC.m */,
				B6AD37D1163EE7D7003EF162 /* Green */,
				B6AD37D4163EE8BA003EF162 /* Scorecard */,
			);
			name = Play;
			sourceTree = "<group>";
		};
		B6AD37D1163EE7D7003EF162 /* Green */ = {
			isa = PBXGroup;
			children = (
				B665966B163D2BC100FB19A9 /* ShotOptionVC.h */,
				B665966C163D2BC100FB19A9 /* ShotOptionVC.m */,
				B6AD37D2163EE7F8003EF162 /* Checklist */,
			);
			name = Green;
			sourceTree = "<group>";
		};
		B6AD37D2163EE7F8003EF162 /* Checklist */ = {
			isa = PBXGroup;
			children = (
				B6A49EC4163D18A700B28ECA /* ShotSequenceVC.h */,
				B6A49EC5163D18A700B28ECA /* ShotSequenceVC.m */,
				B6A3CB06163D06AC008705DC /* ShotVC.h */,
				B6A3CB07163D06AD008705DC /* ShotVC.m */,
				B679D6F51623C54C00E19F98 /* ClubSelectionVC.h */,
				B679D6F61623C54C00E19F98 /* ClubSelectionVC.m */,
				B665968D163D496700FB19A9 /* PenaltyVC.h */,
				B665968E163D496700FB19A9 /* PenaltyVC.m */,
				B6AD37E2163FB34E003EF162 /* PuttingVC.h */,
				B6AD37E3163FB34E003EF162 /* PuttingVC.m */,
			);
			name = Checklist;
			sourceTree = "<group>";
		};
		B6AD37D3163EE872003EF162 /* Unused */ = {
			isa = PBXGroup;
			children = (
				B607B99416504E8100025E10 /* Hole.h */,
				B607B99516504E8100025E10 /* Hole.m */,
				B607B99D16504EF400025E10 /* Shot.h */,
				B607B99E16504EF400025E10 /* Shot.m */,
				B679D6EF1623C4EE00E19F98 /* GolferChangeVC.h */,
				B679D6F01623C4EE00E19F98 /* GolferChangeVC.m */,
				B63DA9841623E0F0000A968A /* OptionsAllVC.h */,
				B63DA9851623E0F0000A968A /* OptionsAllVC.m */,
			);
			name = Unused;
			sourceTree = "<group>";
		};
		B6AD37D4163EE8BA003EF162 /* Scorecard */ = {
			isa = PBXGroup;
			children = (
			);
			name = Scorecard;
			sourceTree = "<group>";
		};
		B6DD75B9164B30D200A472D8 /* Main */ = {
			isa = PBXGroup;
			children = (
				B679D6DF1623C44200E19F98 /* ViewController.h */,
				B679D6E01623C44200E19F98 /* ViewController.m */,
				B6C5BF47163B812B00D7D732 /* MainMenuVC.h */,
				B6C5BF48163B812B00D7D732 /* MainMenuVC.m */,
			);
			name = Main;
			sourceTree = "<group>";
		};
/* End PBXGroup section */

/* Begin PBXNativeTarget section */
		B679D6BF1623C44200E19F98 /* OnPar */ = {
			isa = PBXNativeTarget;
			buildConfigurationList = B679D6E41623C44200E19F98 /* Build configuration list for PBXNativeTarget "OnPar" */;
			buildPhases = (
				B679D6BC1623C44200E19F98 /* Sources */,
				B679D6BD1623C44200E19F98 /* Frameworks */,
				B679D6BE1623C44200E19F98 /* Resources */,
			);
			buildRules = (
			);
			dependencies = (
			);
			name = OnPar;
			productName = OnPar;
			productReference = B679D6C01623C44200E19F98 /* On Par.app */;
			productType = "com.apple.product-type.application";
		};
/* End PBXNativeTarget section */

/* Begin PBXProject section */
		B679D6B71623C44200E19F98 /* Project object */ = {
			isa = PBXProject;
			attributes = {
				LastUpgradeCheck = 0450;
				ORGANIZATIONNAME = "Mississippi State";
			};
			buildConfigurationList = B679D6BA1623C44200E19F98 /* Build configuration list for PBXProject "OnPar" */;
			compatibilityVersion = "Xcode 3.2";
			developmentRegion = English;
			hasScannedForEncodings = 0;
			knownRegions = (
				en,
			);
			mainGroup = B679D6B51623C44200E19F98;
			productRefGroup = B679D6C11623C44200E19F98 /* Products */;
			projectDirPath = "";
			projectRoot = "";
			targets = (
				B679D6BF1623C44200E19F98 /* OnPar */,
			);
		};
/* End PBXProject section */

/* Begin PBXResourcesBuildPhase section */
		B679D6BE1623C44200E19F98 /* Resources */ = {
			isa = PBXResourcesBuildPhase;
			buildActionMask = 2147483647;
			files = (
				B679D6CF1623C44200E19F98 /* InfoPlist.strings in Resources */,
				B679D6D71623C44200E19F98 /* Default.png in Resources */,
				B679D6D91623C44200E19F98 /* Default@2x.png in Resources */,
				B679D6DE1623C44200E19F98 /* MainStoryboard.storyboard in Resources */,
				B679D6FF1623C5AB00E19F98 /* GolfCourse.png in Resources */,
				B679D7001623C5AB00E19F98 /* MSState.png in Resources */,
				B679D7041623C5C600E19F98 /* plus.png in Resources */,
				B679D7051623C5C600E19F98 /* plus@2x.png in Resources */,
				B6AE43CE162D9F420070136C /* icon.png in Resources */,
				B6AE43D0162D9F490070136C /* icon@2x.png in Resources */,
				B6C092781635B5C000AE2C8B /* plus_48.png in Resources */,
				B67AF7671635B74F008A9E9F /* GolfClub-GTASA-icon.png in Resources */,
				B67AF76A1635BA00008A9E9F /* Golf_Club_Sports2010.png in Resources */,
				B67AF76D1635BA40008A9E9F /* icon-done.png in Resources */,
				B67AF76E1635BA40008A9E9F /* icon-m-toolbar-done-dimmed.png in Resources */,
				B6C5BEF41635BAAD00D7D732 /* golfball1.png in Resources */,
				B6C5BEF91635BCB200D7D732 /* icon-checkmark.png in Resources */,
				B6C5BEFB1635BD6700D7D732 /* pictograms-nps-golfing.png in Resources */,
				B6C5BF0716372B1300D7D732 /* Default-568h@2x.png in Resources */,
				B6A3CB03163D040E008705DC /* Golf-Green-Icon.png in Resources */,
				B6A3CB05163D04E1008705DC /* ScoreCardIcon.gif in Resources */,
				B6A49EBD163D177C00B28ECA /* resume.png in Resources */,
				B6A49EBE163D177C00B28ECA /* cancel.png in Resources */,
				B6A49EBF163D177C00B28ECA /* add.png in Resources */,
				B6659676163D3A9200FB19A9 /* clubs.jpg in Resources */,
				B6659677163D3A9200FB19A9 /* compass.png in Resources */,
				B6659678163D3A9200FB19A9 /* checkbox.png in Resources */,
				B6659679163D3A9200FB19A9 /* ballontee.jpg in Resources */,
				B665967C163D3D2D00FB19A9 /* lake.png in Resources */,
				B665967F163D3EAE00FB19A9 /* clubs5.png in Resources */,
				B6659680163D3EAE00FB19A9 /* hit.jpg in Resources */,
				B6659682163D41F000FB19A9 /* golfswing.jpg in Resources */,
				B6659684163D458F00FB19A9 /* map.png in Resources */,
				B6659686163D45E100FB19A9 /* golfswing.png in Resources */,
				B6659688163D465600FB19A9 /* bagofclubs.jpg in Resources */,
				B665968B163D46C100FB19A9 /* clubsongreen.png in Resources */,
				B665968C163D46C100FB19A9 /* onparlogo.png in Resources */,
				B6659695163DD58D00FB19A9 /* settings.png in Resources */,
				B665969B163DEBC800FB19A9 /* scorecard.jpg in Resources */,
				B665969D163DEC9200FB19A9 /* To The Green.png in Resources */,
				B665969F163DF52600FB19A9 /* course selection.png in Resources */,
				B6AD37DA163FA72A003EF162 /* man@2x.png in Resources */,
				B6AD37DD163FA74D003EF162 /* man.png in Resources */,
				B607B9B91651986B00025E10 /* hole1.PNG in Resources */,
				B607B9BA1651986B00025E10 /* hole2.PNG in Resources */,
				B607B9BB1651986B00025E10 /* hole3.PNG in Resources */,
				B607B9BC1651986B00025E10 /* hole4.PNG in Resources */,
				B607B9BD1651986B00025E10 /* hole5.PNG in Resources */,
				B607B9BE1651986B00025E10 /* hole6.PNG in Resources */,
				B607B9BF1651986B00025E10 /* hole7.PNG in Resources */,
				B607B9C01651986B00025E10 /* hole8.PNG in Resources */,
				B607B9C11651986B00025E10 /* hole9.PNG in Resources */,
				B607B9C21651986B00025E10 /* hole10.png in Resources */,
				B607B9C31651986B00025E10 /* hole11.PNG in Resources */,
				B607B9C41651986B00025E10 /* hole12.PNG in Resources */,
				B607B9C51651986B00025E10 /* hole13.PNG in Resources */,
				B607B9C61651986B00025E10 /* hole14.PNG in Resources */,
				B607B9C71651986B00025E10 /* hole15.PNG in Resources */,
				B607B9C81651986B00025E10 /* hole16.PNG in Resources */,
				B607B9C91651986B00025E10 /* hole17.PNG in Resources */,
				B607B9CA1651986B00025E10 /* hole18.png in Resources */,
			);
			runOnlyForDeploymentPostprocessing = 0;
		};
/* End PBXResourcesBuildPhase section */

/* Begin PBXSourcesBuildPhase section */
		B679D6BC1623C44200E19F98 /* Sources */ = {
			isa = PBXSourcesBuildPhase;
			buildActionMask = 2147483647;
			files = (
				B679D6D11623C44200E19F98 /* main.m in Sources */,
				B679D6D51623C44200E19F98 /* AppDelegate.m in Sources */,
				B679D6E11623C44200E19F98 /* ViewController.m in Sources */,
				B679D6EB1623C4C100E19F98 /* GolfersVC.m in Sources */,
				B679D6EE1623C4D600E19F98 /* GolferAddVC.m in Sources */,
				B679D6F11623C4EE00E19F98 /* GolferChangeVC.m in Sources */,
				B679D6F71623C54C00E19F98 /* ClubSelectionVC.m in Sources */,
				B63DA9861623E0F0000A968A /* OptionsAllVC.m in Sources */,
				B6C5BF49163B812B00D7D732 /* MainMenuVC.m in Sources */,
				B6C5BF4D163B903900D7D732 /* SettingsVC.m in Sources */,
				B6A3CAFE163CF5CB008705DC /* GolferSelectVC.m in Sources */,
				B6A3CB08163D06AD008705DC /* ShotVC.m in Sources */,
				B6A49EC6163D18A700B28ECA /* ShotSequenceVC.m in Sources */,
				B665966D163D2BC100FB19A9 /* ShotOptionVC.m in Sources */,
				B665968F163D496700FB19A9 /* PenaltyVC.m in Sources */,
				B6659699163DD6E500FB19A9 /* CourseSelectionVC.m in Sources */,
				B6AD37E4163FB34E003EF162 /* PuttingVC.m in Sources */,
				B699756B164DEB5E00FD14E9 /* dataManager.m in Sources */,
				B607B99616504E8100025E10 /* Hole.m in Sources */,
				B607B99F16504EF400025E10 /* Shot.m in Sources */,
				B607B9A216507E8500025E10 /* OptionsVC.m in Sources */,
				2E52744016542CBC00594691 /* API_Interface.m in Sources */,
				2E52744116542CBC00594691 /* Course.m in Sources */,
				2E52744216542CBC00594691 /* defines.m in Sources */,
				2E52744316542CBC00594691 /* Hole.m in Sources */,
				2E52744416542CBC00594691 /* NSData+Base64.m in Sources */,
				2E52744516542CBC00594691 /* NSDictionary+QueryString.m in Sources */,
				2E52744616542CBC00594691 /* NSObject+SynchronousProxy.m in Sources */,
				2E52744716542CBC00594691 /* NSObject+Tap.m in Sources */,
				2E52744816542CBC00594691 /* NSRunLoop+Additions.m in Sources */,
				2E52744916542CBC00594691 /* NSString+QueryString.m in Sources */,
				2E52744A16542CBC00594691 /* NSURL+QueryInspector.m in Sources */,
				2E52744B16542CBC00594691 /* LRResty.m in Sources */,
				2E52744C16542CBC00594691 /* LRRestyClient+DELETE.m in Sources */,
				2E52744D16542CBC00594691 /* LRRestyClient+GET.m in Sources */,
				2E52744E16542CBC00594691 /* LRRestyClient+POST.m in Sources */,
				2E52744F16542CBC00594691 /* LRRestyClient+PUT.m in Sources */,
				2E52745016542CBC00594691 /* LRRestyClient.m in Sources */,
				2E52745116542CBC00594691 /* LRRestyClientBlockDelegate.m in Sources */,
				2E52745216542CBC00594691 /* LRRestyClientProxyDelegate.m in Sources */,
				2E52745316542CBC00594691 /* LRRestyClientStreamingDelegate.m in Sources */,
				2E52745416542CBC00594691 /* LRRestyHTTPClient.m in Sources */,
				2E52745516542CBC00594691 /* LRRestyRequest.m in Sources */,
				2E52745616542CBC00594691 /* LRRestyRequestPayload.m in Sources */,
				2E52745716542CBC00594691 /* LRRestyResource.m in Sources */,
				2E52745816542CBC00594691 /* LRRestyResponse.m in Sources */,
				2E52745916542CBC00594691 /* LRSynchronousProxy.m in Sources */,
				2E52745A16542CBC00594691 /* LRURLRequestOperation.m in Sources */,
				2E52745B16542CBC00594691 /* Request.m in Sources */,
				2E52745C16542CBC00594691 /* Round.m in Sources */,
				2E52745D16542CBC00594691 /* NSObject+SBJson.m in Sources */,
				2E52745E16542CBC00594691 /* SBJsonParser.m in Sources */,
				2E52745F16542CBC00594691 /* SBJsonStreamParser.m in Sources */,
				2E52746016542CBC00594691 /* SBJsonStreamParserAccumulator.m in Sources */,
				2E52746116542CBC00594691 /* SBJsonStreamParserAdapter.m in Sources */,
				2E52746216542CBC00594691 /* SBJsonStreamParserState.m in Sources */,
				2E52746316542CBC00594691 /* SBJsonStreamWriter.m in Sources */,
				2E52746416542CBC00594691 /* SBJsonStreamWriterAccumulator.m in Sources */,
				2E52746516542CBC00594691 /* SBJsonStreamWriterState.m in Sources */,
				2E52746616542CBC00594691 /* SBJsonTokeniser.m in Sources */,
				2E52746716542CBC00594691 /* SBJsonUTF8Stream.m in Sources */,
				2E52746816542CBC00594691 /* SBJsonWriter.m in Sources */,
				2E52746916542CBC00594691 /* Shot.m in Sources */,
				2E52746A16542CBC00594691 /* User.m in Sources */,
			);
			runOnlyForDeploymentPostprocessing = 0;
		};
/* End PBXSourcesBuildPhase section */

/* Begin PBXVariantGroup section */
		B679D6CD1623C44200E19F98 /* InfoPlist.strings */ = {
			isa = PBXVariantGroup;
			children = (
				B679D6CE1623C44200E19F98 /* en */,
			);
			name = InfoPlist.strings;
			sourceTree = "<group>";
		};
		B679D6DC1623C44200E19F98 /* MainStoryboard.storyboard */ = {
			isa = PBXVariantGroup;
			children = (
				B679D6DD1623C44200E19F98 /* en */,
			);
			name = MainStoryboard.storyboard;
			sourceTree = "<group>";
		};
/* End PBXVariantGroup section */

/* Begin XCBuildConfiguration section */
		B679D6E21623C44200E19F98 /* Debug */ = {
			isa = XCBuildConfiguration;
			buildSettings = {
				ALWAYS_SEARCH_USER_PATHS = NO;
				CLANG_CXX_LANGUAGE_STANDARD = "gnu++0x";
				CLANG_CXX_LIBRARY = "libc++";
				CLANG_ENABLE_OBJC_ARC = YES;
				CLANG_WARN_EMPTY_BODY = YES;
				CLANG_WARN__DUPLICATE_METHOD_MATCH = YES;
				"CODE_SIGN_IDENTITY[sdk=iphoneos*]" = "iPhone Developer";
				COPY_PHASE_STRIP = NO;
				GCC_C_LANGUAGE_STANDARD = gnu99;
				GCC_DYNAMIC_NO_PIC = NO;
				GCC_OPTIMIZATION_LEVEL = 0;
				GCC_PREPROCESSOR_DEFINITIONS = (
					"DEBUG=1",
					"$(inherited)",
				);
				GCC_SYMBOLS_PRIVATE_EXTERN = NO;
				GCC_WARN_ABOUT_RETURN_TYPE = YES;
				GCC_WARN_UNINITIALIZED_AUTOS = YES;
				GCC_WARN_UNUSED_VARIABLE = YES;
				IPHONEOS_DEPLOYMENT_TARGET = 5.0;
				ONLY_ACTIVE_ARCH = YES;
				SDKROOT = iphoneos;
			};
			name = Debug;
		};
		B679D6E31623C44200E19F98 /* Release */ = {
			isa = XCBuildConfiguration;
			buildSettings = {
				ALWAYS_SEARCH_USER_PATHS = NO;
				CLANG_CXX_LANGUAGE_STANDARD = "gnu++0x";
				CLANG_CXX_LIBRARY = "libc++";
				CLANG_ENABLE_OBJC_ARC = YES;
				CLANG_WARN_EMPTY_BODY = YES;
				CLANG_WARN__DUPLICATE_METHOD_MATCH = YES;
				"CODE_SIGN_IDENTITY[sdk=iphoneos*]" = "iPhone Developer";
				COPY_PHASE_STRIP = YES;
				GCC_C_LANGUAGE_STANDARD = gnu99;
				GCC_WARN_ABOUT_RETURN_TYPE = YES;
				GCC_WARN_UNINITIALIZED_AUTOS = YES;
				GCC_WARN_UNUSED_VARIABLE = YES;
				IPHONEOS_DEPLOYMENT_TARGET = 5.0;
				OTHER_CFLAGS = "-DNS_BLOCK_ASSERTIONS=1";
				SDKROOT = iphoneos;
				VALIDATE_PRODUCT = YES;
			};
			name = Release;
		};
		B679D6E51623C44200E19F98 /* Debug */ = {
			isa = XCBuildConfiguration;
			buildSettings = {
				CODE_SIGN_IDENTITY = "iPhone Developer";
				GCC_PRECOMPILE_PREFIX_HEADER = YES;
				GCC_PREFIX_HEADER = "OnPar/OnPar-Prefix.pch";
				INFOPLIST_FILE = "OnPar/OnPar-Info.plist";
				IPHONEOS_DEPLOYMENT_TARGET = 5.0;
				PRODUCT_NAME = "On Par";
				PROVISIONING_PROFILE = "";
				WRAPPER_EXTENSION = app;
			};
			name = Debug;
		};
		B679D6E61623C44200E19F98 /* Release */ = {
			isa = XCBuildConfiguration;
			buildSettings = {
				GCC_PRECOMPILE_PREFIX_HEADER = YES;
				GCC_PREFIX_HEADER = "OnPar/OnPar-Prefix.pch";
				INFOPLIST_FILE = "OnPar/OnPar-Info.plist";
				IPHONEOS_DEPLOYMENT_TARGET = 5.0;
				PRODUCT_NAME = "On Par";
				WRAPPER_EXTENSION = app;
			};
			name = Release;
		};
/* End XCBuildConfiguration section */

/* Begin XCConfigurationList section */
		B679D6BA1623C44200E19F98 /* Build configuration list for PBXProject "OnPar" */ = {
			isa = XCConfigurationList;
			buildConfigurations = (
				B679D6E21623C44200E19F98 /* Debug */,
				B679D6E31623C44200E19F98 /* Release */,
			);
			defaultConfigurationIsVisible = 0;
			defaultConfigurationName = Release;
		};
		B679D6E41623C44200E19F98 /* Build configuration list for PBXNativeTarget "OnPar" */ = {
			isa = XCConfigurationList;
			buildConfigurations = (
				B679D6E51623C44200E19F98 /* Debug */,
				B679D6E61623C44200E19F98 /* Release */,
			);
			defaultConfigurationIsVisible = 0;
			defaultConfigurationName = Release;
		};
/* End XCConfigurationList section */
	};
	rootObject = B679D6B71623C44200E19F98 /* Project object */;
}
